// !$*UTF8*$!
{
	archiveVersion = 1;
	classes = {
	};
	objectVersion = 46;
	objects = {

/* Begin PBXBuildFile section */
		8F73297B1BBAAA840071930C /* CYXEssenceController.m in Sources */ = {isa = PBXBuildFile; fileRef = 8F7329591BBAAA840071930C /* CYXEssenceController.m */; settings = {ASSET_TAGS = (); }; };
		8F73297C1BBAAA840071930C /* CYXFriendTrendsController.m in Sources */ = {isa = PBXBuildFile; fileRef = 8F73295F1BBAAA840071930C /* CYXFriendTrendsController.m */; settings = {ASSET_TAGS = (); }; };
		8F73297D1BBAAA840071930C /* CYXMeController.m in Sources */ = {isa = PBXBuildFile; fileRef = 8F7329651BBAAA840071930C /* CYXMeController.m */; settings = {ASSET_TAGS = (); }; };
		8F73297E1BBAAA840071930C /* CYXNewController.m in Sources */ = {isa = PBXBuildFile; fileRef = 8F73296B1BBAAA840071930C /* CYXNewController.m */; settings = {ASSET_TAGS = (); }; };
		8F73297F1BBAAA840071930C /* AppDelegate.m in Sources */ = {isa = PBXBuildFile; fileRef = 8F7329701BBAAA840071930C /* AppDelegate.m */; settings = {ASSET_TAGS = (); }; };
		8F7329801BBAAA840071930C /* CYXTabBarController.m in Sources */ = {isa = PBXBuildFile; fileRef = 8F7329741BBAAA840071930C /* CYXTabBarController.m */; settings = {ASSET_TAGS = (); }; };
		8F7329811BBAAA840071930C /* main.m in Sources */ = {isa = PBXBuildFile; fileRef = 8F7329751BBAAA840071930C /* main.m */; settings = {ASSET_TAGS = (); }; };
		8F7329821BBAAA840071930C /* CYXTabBar.m in Sources */ = {isa = PBXBuildFile; fileRef = 8F73297A1BBAAA840071930C /* CYXTabBar.m */; settings = {ASSET_TAGS = (); }; };
		8F7FCDF81BB6E26600F27474 /* Assets.xcassets in Resources */ = {isa = PBXBuildFile; fileRef = 8F7FCDF71BB6E26600F27474 /* Assets.xcassets */; };
		8F7FCE061BB6E26600F27474 /* CYXBuDeJieTests.m in Sources */ = {isa = PBXBuildFile; fileRef = 8F7FCE051BB6E26600F27474 /* CYXBuDeJieTests.m */; };
		8F7FCE111BB6E26600F27474 /* CYXBuDeJieUITests.m in Sources */ = {isa = PBXBuildFile; fileRef = 8F7FCE101BB6E26600F27474 /* CYXBuDeJieUITests.m */; };
/* End PBXBuildFile section */

/* Begin PBXContainerItemProxy section */
		8F7FCE021BB6E26600F27474 /* PBXContainerItemProxy */ = {
			isa = PBXContainerItemProxy;
			containerPortal = 8F7FCDE01BB6E26600F27474 /* Project object */;
			proxyType = 1;
			remoteGlobalIDString = 8F7FCDE71BB6E26600F27474;
			remoteInfo = CYXBuDeJie;
		};
		8F7FCE0D1BB6E26600F27474 /* PBXContainerItemProxy */ = {
			isa = PBXContainerItemProxy;
			containerPortal = 8F7FCDE01BB6E26600F27474 /* Project object */;
			proxyType = 1;
			remoteGlobalIDString = 8F7FCDE71BB6E26600F27474;
			remoteInfo = CYXBuDeJie;
		};
/* End PBXContainerItemProxy section */

/* Begin PBXFileReference section */
		8F7329581BBAAA840071930C /* CYXEssenceController.h */ = {isa = PBXFileReference; fileEncoding = 4; lastKnownFileType = sourcecode.c.h; path = CYXEssenceController.h; sourceTree = "<group>"; };
		8F7329591BBAAA840071930C /* CYXEssenceController.m */ = {isa = PBXFileReference; fileEncoding = 4; lastKnownFileType = sourcecode.c.objc; path = CYXEssenceController.m; sourceTree = "<group>"; };
		8F73295E1BBAAA840071930C /* CYXFriendTrendsController.h */ = {isa = PBXFileReference; fileEncoding = 4; lastKnownFileType = sourcecode.c.h; path = CYXFriendTrendsController.h; sourceTree = "<group>"; };
		8F73295F1BBAAA840071930C /* CYXFriendTrendsController.m */ = {isa = PBXFileReference; fileEncoding = 4; lastKnownFileType = sourcecode.c.objc; path = CYXFriendTrendsController.m; sourceTree = "<group>"; };
		8F7329641BBAAA840071930C /* CYXMeController.h */ = {isa = PBXFileReference; fileEncoding = 4; lastKnownFileType = sourcecode.c.h; path = CYXMeController.h; sourceTree = "<group>"; };
		8F7329651BBAAA840071930C /* CYXMeController.m */ = {isa = PBXFileReference; fileEncoding = 4; lastKnownFileType = sourcecode.c.objc; path = CYXMeController.m; sourceTree = "<group>"; };
		8F73296A1BBAAA840071930C /* CYXNewController.h */ = {isa = PBXFileReference; fileEncoding = 4; lastKnownFileType = sourcecode.c.h; path = CYXNewController.h; sourceTree = "<group>"; };
		8F73296B1BBAAA840071930C /* CYXNewController.m */ = {isa = PBXFileReference; fileEncoding = 4; lastKnownFileType = sourcecode.c.objc; path = CYXNewController.m; sourceTree = "<group>"; };
		8F73296F1BBAAA840071930C /* AppDelegate.h */ = {isa = PBXFileReference; fileEncoding = 4; lastKnownFileType = sourcecode.c.h; path = AppDelegate.h; sourceTree = "<group>"; };
		8F7329701BBAAA840071930C /* AppDelegate.m */ = {isa = PBXFileReference; fileEncoding = 4; lastKnownFileType = sourcecode.c.objc; path = AppDelegate.m; sourceTree = "<group>"; };
		8F7329731BBAAA840071930C /* CYXTabBarController.h */ = {isa = PBXFileReference; fileEncoding = 4; lastKnownFileType = sourcecode.c.h; path = CYXTabBarController.h; sourceTree = "<group>"; };
		8F7329741BBAAA840071930C /* CYXTabBarController.m */ = {isa = PBXFileReference; fileEncoding = 4; lastKnownFileType = sourcecode.c.objc; path = CYXTabBarController.m; sourceTree = "<group>"; };
		8F7329751BBAAA840071930C /* main.m */ = {isa = PBXFileReference; fileEncoding = 4; lastKnownFileType = sourcecode.c.objc; path = main.m; sourceTree = "<group>"; };
		8F7329771BBAAA840071930C /* PrefixHeader.pch */ = {isa = PBXFileReference; fileEncoding = 4; lastKnownFileType = sourcecode.c.h; path = PrefixHeader.pch; sourceTree = "<group>"; };
		8F7329791BBAAA840071930C /* CYXTabBar.h */ = {isa = PBXFileReference; fileEncoding = 4; lastKnownFileType = sourcecode.c.h; path = CYXTabBar.h; sourceTree = "<group>"; };
		8F73297A1BBAAA840071930C /* CYXTabBar.m */ = {isa = PBXFileReference; fileEncoding = 4; lastKnownFileType = sourcecode.c.objc; path = CYXTabBar.m; sourceTree = "<group>"; };
		8F7FCDE81BB6E26600F27474 /* CYXBuDeJie.app */ = {isa = PBXFileReference; explicitFileType = wrapper.application; includeInIndex = 0; path = CYXBuDeJie.app; sourceTree = BUILT_PRODUCTS_DIR; };
		8F7FCDF71BB6E26600F27474 /* Assets.xcassets */ = {isa = PBXFileReference; lastKnownFileType = folder.assetcatalog; path = Assets.xcassets; sourceTree = "<group>"; };
		8F7FCDFC1BB6E26600F27474 /* Info.plist */ = {isa = PBXFileReference; lastKnownFileType = text.plist.xml; path = Info.plist; sourceTree = "<group>"; };
		8F7FCE011BB6E26600F27474 /* CYXBuDeJieTests.xctest */ = {isa = PBXFileReference; explicitFileType = wrapper.cfbundle; includeInIndex = 0; path = CYXBuDeJieTests.xctest; sourceTree = BUILT_PRODUCTS_DIR; };
		8F7FCE051BB6E26600F27474 /* CYXBuDeJieTests.m */ = {isa = PBXFileReference; lastKnownFileType = sourcecode.c.objc; path = CYXBuDeJieTests.m; sourceTree = "<group>"; };
		8F7FCE071BB6E26600F27474 /* Info.plist */ = {isa = PBXFileReference; lastKnownFileType = text.plist.xml; path = Info.plist; sourceTree = "<group>"; };
		8F7FCE0C1BB6E26600F27474 /* CYXBuDeJieUITests.xctest */ = {isa = PBXFileReference; explicitFileType = wrapper.cfbundle; includeInIndex = 0; path = CYXBuDeJieUITests.xctest; sourceTree = BUILT_PRODUCTS_DIR; };
		8F7FCE101BB6E26600F27474 /* CYXBuDeJieUITests.m */ = {isa = PBXFileReference; lastKnownFileType = sourcecode.c.objc; path = CYXBuDeJieUITests.m; sourceTree = "<group>"; };
		8F7FCE121BB6E26600F27474 /* Info.plist */ = {isa = PBXFileReference; lastKnownFileType = text.plist.xml; path = Info.plist; sourceTree = "<group>"; };
/* End PBXFileReference section */

/* Begin PBXFrameworksBuildPhase section */
		8F7FCDE51BB6E26600F27474 /* Frameworks */ = {
			isa = PBXFrameworksBuildPhase;
			buildActionMask = 2147483647;
			files = (
			);
			runOnlyForDeploymentPostprocessing = 0;
		};
		8F7FCDFE1BB6E26600F27474 /* Frameworks */ = {
			isa = PBXFrameworksBuildPhase;
			buildActionMask = 2147483647;
			files = (
			);
			runOnlyForDeploymentPostprocessing = 0;
		};
		8F7FCE091BB6E26600F27474 /* Frameworks */ = {
			isa = PBXFrameworksBuildPhase;
			buildActionMask = 2147483647;
			files = (
			);
			runOnlyForDeploymentPostprocessing = 0;
		};
/* End PBXFrameworksBuildPhase section */

/* Begin PBXGroup section */
		8F7329551BBAAA840071930C /* classes */ = {
			isa = PBXGroup;
			children = (
				8F7329561BBAAA840071930C /* Essence-精华 */,
				8F73295C1BBAAA840071930C /* FriendTrends-关注 */,
				8F7329621BBAAA840071930C /* Me-我的 */,
				8F7329681BBAAA840071930C /* New-新帖 */,
				8F73296E1BBAAA840071930C /* other */,
			);
			path = classes;
			sourceTree = "<group>";
		};
		8F7329561BBAAA840071930C /* Essence-精华 */ = {
			isa = PBXGroup;
			children = (
				8F7329571BBAAA840071930C /* Controller */,
				8F73295A1BBAAA840071930C /* Model */,
				8F73295B1BBAAA840071930C /* View */,
			);
			path = "Essence-精华";
			sourceTree = "<group>";
		};
		8F7329571BBAAA840071930C /* Controller */ = {
			isa = PBXGroup;
			children = (
				8F7329581BBAAA840071930C /* CYXEssenceController.h */,
				8F7329591BBAAA840071930C /* CYXEssenceController.m */,
			);
			path = Controller;
			sourceTree = "<group>";
		};
		8F73295A1BBAAA840071930C /* Model */ = {
			isa = PBXGroup;
			children = (
			);
			path = Model;
			sourceTree = "<group>";
		};
		8F73295B1BBAAA840071930C /* View */ = {
			isa = PBXGroup;
			children = (
			);
			path = View;
			sourceTree = "<group>";
		};
		8F73295C1BBAAA840071930C /* FriendTrends-关注 */ = {
			isa = PBXGroup;
			children = (
				8F73295D1BBAAA840071930C /* Controller */,
				8F7329601BBAAA840071930C /* Model */,
				8F7329611BBAAA840071930C /* View */,
			);
			path = "FriendTrends-关注";
			sourceTree = "<group>";
		};
		8F73295D1BBAAA840071930C /* Controller */ = {
			isa = PBXGroup;
			children = (
				8F73295E1BBAAA840071930C /* CYXFriendTrendsController.h */,
				8F73295F1BBAAA840071930C /* CYXFriendTrendsController.m */,
			);
			path = Controller;
			sourceTree = "<group>";
		};
		8F7329601BBAAA840071930C /* Model */ = {
			isa = PBXGroup;
			children = (
			);
			path = Model;
			sourceTree = "<group>";
		};
		8F7329611BBAAA840071930C /* View */ = {
			isa = PBXGroup;
			children = (
			);
			path = View;
			sourceTree = "<group>";
		};
		8F7329621BBAAA840071930C /* Me-我的 */ = {
			isa = PBXGroup;
			children = (
				8F7329631BBAAA840071930C /* Controller */,
				8F7329661BBAAA840071930C /* Model */,
				8F7329671BBAAA840071930C /* View */,
			);
			path = "Me-我的";
			sourceTree = "<group>";
		};
		8F7329631BBAAA840071930C /* Controller */ = {
			isa = PBXGroup;
			children = (
				8F7329641BBAAA840071930C /* CYXMeController.h */,
				8F7329651BBAAA840071930C /* CYXMeController.m */,
			);
			path = Controller;
			sourceTree = "<group>";
		};
		8F7329661BBAAA840071930C /* Model */ = {
			isa = PBXGroup;
			children = (
			);
			path = Model;
			sourceTree = "<group>";
		};
		8F7329671BBAAA840071930C /* View */ = {
			isa = PBXGroup;
			children = (
			);
			path = View;
			sourceTree = "<group>";
		};
		8F7329681BBAAA840071930C /* New-新帖 */ = {
			isa = PBXGroup;
			children = (
				8F7329691BBAAA840071930C /* Controller */,
				8F73296C1BBAAA840071930C /* Model */,
				8F73296D1BBAAA840071930C /* View */,
			);
			path = "New-新帖";
			sourceTree = "<group>";
		};
		8F7329691BBAAA840071930C /* Controller */ = {
			isa = PBXGroup;
			children = (
				8F73296A1BBAAA840071930C /* CYXNewController.h */,
				8F73296B1BBAAA840071930C /* CYXNewController.m */,
			);
			path = Controller;
			sourceTree = "<group>";
		};
		8F73296C1BBAAA840071930C /* Model */ = {
			isa = PBXGroup;
			children = (
			);
			path = Model;
			sourceTree = "<group>";
		};
		8F73296D1BBAAA840071930C /* View */ = {
			isa = PBXGroup;
			children = (
			);
			path = View;
			sourceTree = "<group>";
		};
		8F73296E1BBAAA840071930C /* other */ = {
			isa = PBXGroup;
			children = (
				8F73296F1BBAAA840071930C /* AppDelegate.h */,
				8F7329701BBAAA840071930C /* AppDelegate.m */,
				8F7329711BBAAA840071930C /* Category */,
				8F7329721BBAAA840071930C /* Controller */,
				8F7329751BBAAA840071930C /* main.m */,
				8F7329761BBAAA840071930C /* Model */,
				8F7329771BBAAA840071930C /* PrefixHeader.pch */,
				8F7329781BBAAA840071930C /* View */,
			);
			path = other;
			sourceTree = "<group>";
		};
		8F7329711BBAAA840071930C /* Category */ = {
			isa = PBXGroup;
			children = (
			);
			path = Category;
			sourceTree = "<group>";
		};
		8F7329721BBAAA840071930C /* Controller */ = {
			isa = PBXGroup;
			children = (
				8F7329731BBAAA840071930C /* CYXTabBarController.h */,
				8F7329741BBAAA840071930C /* CYXTabBarController.m */,
			);
			path = Controller;
			sourceTree = "<group>";
		};
		8F7329761BBAAA840071930C /* Model */ = {
			isa = PBXGroup;
			children = (
			);
			path = Model;
			sourceTree = "<group>";
		};
		8F7329781BBAAA840071930C /* View */ = {
			isa = PBXGroup;
			children = (
				8F7329791BBAAA840071930C /* CYXTabBar.h */,
				8F73297A1BBAAA840071930C /* CYXTabBar.m */,
			);
			path = View;
			sourceTree = "<group>";
		};
		8F7FCDDF1BB6E26600F27474 = {
			isa = PBXGroup;
			children = (
				8F7FCDEA1BB6E26600F27474 /* CYXBuDeJie */,
				8F7FCE041BB6E26600F27474 /* CYXBuDeJieTests */,
				8F7FCE0F1BB6E26600F27474 /* CYXBuDeJieUITests */,
				8F7FCDE91BB6E26600F27474 /* Products */,
			);
			sourceTree = "<group>";
		};
		8F7FCDE91BB6E26600F27474 /* Products */ = {
			isa = PBXGroup;
			children = (
				8F7FCDE81BB6E26600F27474 /* CYXBuDeJie.app */,
				8F7FCE011BB6E26600F27474 /* CYXBuDeJieTests.xctest */,
				8F7FCE0C1BB6E26600F27474 /* CYXBuDeJieUITests.xctest */,
			);
			name = Products;
			sourceTree = "<group>";
		};
		8F7FCDEA1BB6E26600F27474 /* CYXBuDeJie */ = {
			isa = PBXGroup;
			children = (
				8F7329551BBAAA840071930C /* classes */,
				8F7FCDEB1BB6E26600F27474 /* Supporting Files */,
			);
			path = CYXBuDeJie;
			sourceTree = "<group>";
		};
		8F7FCDEB1BB6E26600F27474 /* Supporting Files */ = {
			isa = PBXGroup;
			children = (
				8F7FCDFC1BB6E26600F27474 /* Info.plist */,
				8F7FCDF71BB6E26600F27474 /* Assets.xcassets */,
			);
			name = "Supporting Files";
			sourceTree = "<group>";
		};
		8F7FCE041BB6E26600F27474 /* CYXBuDeJieTests */ = {
			isa = PBXGroup;
			children = (
				8F7FCE051BB6E26600F27474 /* CYXBuDeJieTests.m */,
				8F7FCE071BB6E26600F27474 /* Info.plist */,
			);
			path = CYXBuDeJieTests;
			sourceTree = "<group>";
		};
		8F7FCE0F1BB6E26600F27474 /* CYXBuDeJieUITests */ = {
			isa = PBXGroup;
			children = (
				8F7FCE101BB6E26600F27474 /* CYXBuDeJieUITests.m */,
				8F7FCE121BB6E26600F27474 /* Info.plist */,
			);
			path = CYXBuDeJieUITests;
			sourceTree = "<group>";
		};
/* End PBXGroup section */

/* Begin PBXNativeTarget section */
		8F7FCDE71BB6E26600F27474 /* CYXBuDeJie */ = {
			isa = PBXNativeTarget;
			buildConfigurationList = 8F7FCE151BB6E26600F27474 /* Build configuration list for PBXNativeTarget "CYXBuDeJie" */;
			buildPhases = (
				8F7FCDE41BB6E26600F27474 /* Sources */,
				8F7FCDE51BB6E26600F27474 /* Frameworks */,
				8F7FCDE61BB6E26600F27474 /* Resources */,
			);
			buildRules = (
			);
			dependencies = (
			);
			name = CYXBuDeJie;
			productName = CYXBuDeJie;
			productReference = 8F7FCDE81BB6E26600F27474 /* CYXBuDeJie.app */;
			productType = "com.apple.product-type.application";
		};
		8F7FCE001BB6E26600F27474 /* CYXBuDeJieTests */ = {
			isa = PBXNativeTarget;
			buildConfigurationList = 8F7FCE181BB6E26600F27474 /* Build configuration list for PBXNativeTarget "CYXBuDeJieTests" */;
			buildPhases = (
				8F7FCDFD1BB6E26600F27474 /* Sources */,
				8F7FCDFE1BB6E26600F27474 /* Frameworks */,
				8F7FCDFF1BB6E26600F27474 /* Resources */,
			);
			buildRules = (
			);
			dependencies = (
				8F7FCE031BB6E26600F27474 /* PBXTargetDependency */,
			);
			name = CYXBuDeJieTests;
			productName = CYXBuDeJieTests;
			productReference = 8F7FCE011BB6E26600F27474 /* CYXBuDeJieTests.xctest */;
			productType = "com.apple.product-type.bundle.unit-test";
		};
		8F7FCE0B1BB6E26600F27474 /* CYXBuDeJieUITests */ = {
			isa = PBXNativeTarget;
			buildConfigurationList = 8F7FCE1B1BB6E26600F27474 /* Build configuration list for PBXNativeTarget "CYXBuDeJieUITests" */;
			buildPhases = (
				8F7FCE081BB6E26600F27474 /* Sources */,
				8F7FCE091BB6E26600F27474 /* Frameworks */,
				8F7FCE0A1BB6E26600F27474 /* Resources */,
			);
			buildRules = (
			);
			dependencies = (
				8F7FCE0E1BB6E26600F27474 /* PBXTargetDependency */,
			);
			name = CYXBuDeJieUITests;
			productName = CYXBuDeJieUITests;
			productReference = 8F7FCE0C1BB6E26600F27474 /* CYXBuDeJieUITests.xctest */;
			productType = "com.apple.product-type.bundle.ui-testing";
		};
/* End PBXNativeTarget section */

/* Begin PBXProject section */
		8F7FCDE01BB6E26600F27474 /* Project object */ = {
			isa = PBXProject;
			attributes = {
				CLASSPREFIX = CYX;
				LastUpgradeCheck = 0700;
				ORGANIZATIONNAME = CYX;
				TargetAttributes = {
					8F7FCDE71BB6E26600F27474 = {
						CreatedOnToolsVersion = 7.0;
					};
					8F7FCE001BB6E26600F27474 = {
						CreatedOnToolsVersion = 7.0;
						TestTargetID = 8F7FCDE71BB6E26600F27474;
					};
					8F7FCE0B1BB6E26600F27474 = {
						CreatedOnToolsVersion = 7.0;
						TestTargetID = 8F7FCDE71BB6E26600F27474;
					};
				};
			};
			buildConfigurationList = 8F7FCDE31BB6E26600F27474 /* Build configuration list for PBXProject "CYXBuDeJie" */;
			compatibilityVersion = "Xcode 3.2";
			developmentRegion = English;
			hasScannedForEncodings = 0;
			knownRegions = (
				en,
				Base,
			);
			mainGroup = 8F7FCDDF1BB6E26600F27474;
			productRefGroup = 8F7FCDE91BB6E26600F27474 /* Products */;
			projectDirPath = "";
			projectRoot = "";
			targets = (
				8F7FCDE71BB6E26600F27474 /* CYXBuDeJie */,
				8F7FCE001BB6E26600F27474 /* CYXBuDeJieTests */,
				8F7FCE0B1BB6E26600F27474 /* CYXBuDeJieUITests */,
			);
		};
/* End PBXProject section */

/* Begin PBXResourcesBuildPhase section */
		8F7FCDE61BB6E26600F27474 /* Resources */ = {
			isa = PBXResourcesBuildPhase;
			buildActionMask = 2147483647;
			files = (
				8F7FCDF81BB6E26600F27474 /* Assets.xcassets in Resources */,
			);
			runOnlyForDeploymentPostprocessing = 0;
		};
		8F7FCDFF1BB6E26600F27474 /* Resources */ = {
			isa = PBXResourcesBuildPhase;
			buildActionMask = 2147483647;
			files = (
			);
			runOnlyForDeploymentPostprocessing = 0;
		};
		8F7FCE0A1BB6E26600F27474 /* Resources */ = {
			isa = PBXResourcesBuildPhase;
			buildActionMask = 2147483647;
			files = (
			);
			runOnlyForDeploymentPostprocessing = 0;
		};
/* End PBXResourcesBuildPhase section */

/* Begin PBXSourcesBuildPhase section */
		8F7FCDE41BB6E26600F27474 /* Sources */ = {
			isa = PBXSourcesBuildPhase;
			buildActionMask = 2147483647;
			files = (
				8F73297C1BBAAA840071930C /* CYXFriendTrendsController.m in Sources */,
				8F73297D1BBAAA840071930C /* CYXMeController.m in Sources */,
				8F73297B1BBAAA840071930C /* CYXEssenceController.m in Sources */,
				8F73297E1BBAAA840071930C /* CYXNewController.m in Sources */,
				8F7329801BBAAA840071930C /* CYXTabBarController.m in Sources */,
				8F7329811BBAAA840071930C /* main.m in Sources */,
				8F7329821BBAAA840071930C /* CYXTabBar.m in Sources */,
				8F73297F1BBAAA840071930C /* AppDelegate.m in Sources */,
			);
			runOnlyForDeploymentPostprocessing = 0;
		};
		8F7FCDFD1BB6E26600F27474 /* Sources */ = {
			isa = PBXSourcesBuildPhase;
			buildActionMask = 2147483647;
			files = (
				8F7FCE061BB6E26600F27474 /* CYXBuDeJieTests.m in Sources */,
			);
			runOnlyForDeploymentPostprocessing = 0;
		};
		8F7FCE081BB6E26600F27474 /* Sources */ = {
			isa = PBXSourcesBuildPhase;
			buildActionMask = 2147483647;
			files = (
				8F7FCE111BB6E26600F27474 /* CYXBuDeJieUITests.m in Sources */,
			);
			runOnlyForDeploymentPostprocessing = 0;
		};
/* End PBXSourcesBuildPhase section */

/* Begin PBXTargetDependency section */
		8F7FCE031BB6E26600F27474 /* PBXTargetDependency */ = {
			isa = PBXTargetDependency;
			target = 8F7FCDE71BB6E26600F27474 /* CYXBuDeJie */;
			targetProxy = 8F7FCE021BB6E26600F27474 /* PBXContainerItemProxy */;
		};
		8F7FCE0E1BB6E26600F27474 /* PBXTargetDependency */ = {
			isa = PBXTargetDependency;
			target = 8F7FCDE71BB6E26600F27474 /* CYXBuDeJie */;
			targetProxy = 8F7FCE0D1BB6E26600F27474 /* PBXContainerItemProxy */;
		};
/* End PBXTargetDependency section */

/* Begin XCBuildConfiguration section */
		8F7FCE131BB6E26600F27474 /* Debug */ = {
			isa = XCBuildConfiguration;
			buildSettings = {
				ALWAYS_SEARCH_USER_PATHS = NO;
				CLANG_CXX_LANGUAGE_STANDARD = "gnu++0x";
				CLANG_CXX_LIBRARY = "libc++";
				CLANG_ENABLE_MODULES = YES;
				CLANG_ENABLE_OBJC_ARC = YES;
				CLANG_WARN_BOOL_CONVERSION = YES;
				CLANG_WARN_CONSTANT_CONVERSION = YES;
				CLANG_WARN_DIRECT_OBJC_ISA_USAGE = YES_ERROR;
				CLANG_WARN_EMPTY_BODY = YES;
				CLANG_WARN_ENUM_CONVERSION = YES;
				CLANG_WARN_INT_CONVERSION = YES;
				CLANG_WARN_OBJC_ROOT_CLASS = YES_ERROR;
				CLANG_WARN_UNREACHABLE_CODE = YES;
				CLANG_WARN__DUPLICATE_METHOD_MATCH = YES;
				"CODE_SIGN_IDENTITY[sdk=iphoneos*]" = "iPhone Developer";
				COPY_PHASE_STRIP = NO;
				DEBUG_INFORMATION_FORMAT = dwarf;
				ENABLE_STRICT_OBJC_MSGSEND = YES;
				ENABLE_TESTABILITY = YES;
				GCC_C_LANGUAGE_STANDARD = gnu99;
				GCC_DYNAMIC_NO_PIC = NO;
				GCC_NO_COMMON_BLOCKS = YES;
				GCC_OPTIMIZATION_LEVEL = 0;
				GCC_PREPROCESSOR_DEFINITIONS = (
					"DEBUG=1",
					"$(inherited)",
				);
				GCC_WARN_64_TO_32_BIT_CONVERSION = YES;
				GCC_WARN_ABOUT_RETURN_TYPE = YES_ERROR;
				GCC_WARN_UNDECLARED_SELECTOR = YES;
				GCC_WARN_UNINITIALIZED_AUTOS = YES_AGGRESSIVE;
				GCC_WARN_UNUSED_FUNCTION = YES;
				GCC_WARN_UNUSED_VARIABLE = YES;
				IPHONEOS_DEPLOYMENT_TARGET = 9.0;
				MTL_ENABLE_DEBUG_INFO = YES;
				ONLY_ACTIVE_ARCH = YES;
				SDKROOT = iphoneos;
			};
			name = Debug;
		};
		8F7FCE141BB6E26600F27474 /* Release */ = {
			isa = XCBuildConfiguration;
			buildSettings = {
				ALWAYS_SEARCH_USER_PATHS = NO;
				CLANG_CXX_LANGUAGE_STANDARD = "gnu++0x";
				CLANG_CXX_LIBRARY = "libc++";
				CLANG_ENABLE_MODULES = YES;
				CLANG_ENABLE_OBJC_ARC = YES;
				CLANG_WARN_BOOL_CONVERSION = YES;
				CLANG_WARN_CONSTANT_CONVERSION = YES;
				CLANG_WARN_DIRECT_OBJC_ISA_USAGE = YES_ERROR;
				CLANG_WARN_EMPTY_BODY = YES;
				CLANG_WARN_ENUM_CONVERSION = YES;
				CLANG_WARN_INT_CONVERSION = YES;
				CLANG_WARN_OBJC_ROOT_CLASS = YES_ERROR;
				CLANG_WARN_UNREACHABLE_CODE = YES;
				CLANG_WARN__DUPLICATE_METHOD_MATCH = YES;
				"CODE_SIGN_IDENTITY[sdk=iphoneos*]" = "iPhone Developer";
				COPY_PHASE_STRIP = NO;
				DEBUG_INFORMATION_FORMAT = "dwarf-with-dsym";
				ENABLE_NS_ASSERTIONS = NO;
				ENABLE_STRICT_OBJC_MSGSEND = YES;
				GCC_C_LANGUAGE_STANDARD = gnu99;
				GCC_NO_COMMON_BLOCKS = YES;
				GCC_WARN_64_TO_32_BIT_CONVERSION = YES;
				GCC_WARN_ABOUT_RETURN_TYPE = YES_ERROR;
				GCC_WARN_UNDECLARED_SELECTOR = YES;
				GCC_WARN_UNINITIALIZED_AUTOS = YES_AGGRESSIVE;
				GCC_WARN_UNUSED_FUNCTION = YES;
				GCC_WARN_UNUSED_VARIABLE = YES;
				IPHONEOS_DEPLOYMENT_TARGET = 9.0;
				MTL_ENABLE_DEBUG_INFO = NO;
				SDKROOT = iphoneos;
				VALIDATE_PRODUCT = YES;
			};
			name = Release;
		};
		8F7FCE161BB6E26600F27474 /* Debug */ = {
			isa = XCBuildConfiguration;
			buildSettings = {
				ASSETCATALOG_COMPILER_APPICON_NAME = AppIcon;
				ASSETCATALOG_COMPILER_LAUNCHIMAGE_NAME = BrandAsset;
				GCC_PRECOMPILE_PREFIX_HEADER = NO;
				GCC_PREFIX_HEADER = CYXBuDeJie/classes/other/PrefixHeader.pch;
				INFOPLIST_FILE = CYXBuDeJie/Info.plist;
				LD_RUNPATH_SEARCH_PATHS = "$(inherited) @executable_path/Frameworks";
				PRODUCT_BUNDLE_IDENTIFIER = com.ioscyx.CYXBuDeJie;
				PRODUCT_NAME = "$(TARGET_NAME)";
			};
			name = Debug;
		};
		8F7FCE171BB6E26600F27474 /* Release */ = {
			isa = XCBuildConfiguration;
			buildSettings = {
				ASSETCATALOG_COMPILER_APPICON_NAME = AppIcon;
				ASSETCATALOG_COMPILER_LAUNCHIMAGE_NAME = BrandAsset;
				GCC_PRECOMPILE_PREFIX_HEADER = NO;
				GCC_PREFIX_HEADER = CYXBuDeJie/classes/other/PrefixHeader.pch;
				INFOPLIST_FILE = CYXBuDeJie/Info.plist;
				LD_RUNPATH_SEARCH_PATHS = "$(inherited) @executable_path/Frameworks";
				PRODUCT_BUNDLE_IDENTIFIER = com.ioscyx.CYXBuDeJie;
				PRODUCT_NAME = "$(TARGET_NAME)";
			};
			name = Release;
		};
		8F7FCE191BB6E26600F27474 /* Debug */ = {
			isa = XCBuildConfiguration;
			buildSettings = {
				BUNDLE_LOADER = "$(TEST_HOST)";
				INFOPLIST_FILE = CYXBuDeJieTests/Info.plist;
				LD_RUNPATH_SEARCH_PATHS = "$(inherited) @executable_path/Frameworks @loader_path/Frameworks";
				PRODUCT_BUNDLE_IDENTIFIER = com.ioscyx.CYXBuDeJieTests;
				PRODUCT_NAME = "$(TARGET_NAME)";
				TEST_HOST = "$(BUILT_PRODUCTS_DIR)/CYXBuDeJie.app/CYXBuDeJie";
			};
			name = Debug;
		};
		8F7FCE1A1BB6E26600F27474 /* Release */ = {
			isa = XCBuildConfiguration;
			buildSettings = {
				BUNDLE_LOADER = "$(TEST_HOST)";
				INFOPLIST_FILE = CYXBuDeJieTests/Info.plist;
				LD_RUNPATH_SEARCH_PATHS = "$(inherited) @executable_path/Frameworks @loader_path/Frameworks";
				PRODUCT_BUNDLE_IDENTIFIER = com.ioscyx.CYXBuDeJieTests;
				PRODUCT_NAME = "$(TARGET_NAME)";
				TEST_HOST = "$(BUILT_PRODUCTS_DIR)/CYXBuDeJie.app/CYXBuDeJie";
			};
			name = Release;
		};
		8F7FCE1C1BB6E26600F27474 /* Debug */ = {
			isa = XCBuildConfiguration;
			buildSettings = {
				INFOPLIST_FILE = CYXBuDeJieUITests/Info.plist;
				LD_RUNPATH_SEARCH_PATHS = "$(inherited) @executable_path/Frameworks @loader_path/Frameworks";
				PRODUCT_BUNDLE_IDENTIFIER = com.ioscyx.CYXBuDeJieUITests;
				PRODUCT_NAME = "$(TARGET_NAME)";
				TEST_TARGET_NAME = CYXBuDeJie;
				USES_XCTRUNNER = YES;
			};
			name = Debug;
		};
		8F7FCE1D1BB6E26600F27474 /* Release */ = {
			isa = XCBuildConfiguration;
			buildSettings = {
				INFOPLIST_FILE = CYXBuDeJieUITests/Info.plist;
				LD_RUNPATH_SEARCH_PATHS = "$(inherited) @executable_path/Frameworks @loader_path/Frameworks";
				PRODUCT_BUNDLE_IDENTIFIER = com.ioscyx.CYXBuDeJieUITests;
				PRODUCT_NAME = "$(TARGET_NAME)";
				TEST_TARGET_NAME = CYXBuDeJie;
				USES_XCTRUNNER = YES;
			};
			name = Release;
		};
/* End XCBuildConfiguration section */

/* Begin XCConfigurationList section */
		8F7FCDE31BB6E26600F27474 /* Build configuration list for PBXProject "CYXBuDeJie" */ = {
			isa = XCConfigurationList;
			buildConfigurations = (
				8F7FCE131BB6E26600F27474 /* Debug */,
				8F7FCE141BB6E26600F27474 /* Release */,
			);
			defaultConfigurationIsVisible = 0;
			defaultConfigurationName = Release;
		};
		8F7FCE151BB6E26600F27474 /* Build configuration list for PBXNativeTarget "CYXBuDeJie" */ = {
			isa = XCConfigurationList;
			buildConfigurations = (
				8F7FCE161BB6E26600F27474 /* Debug */,
				8F7FCE171BB6E26600F27474 /* Release */,
			);
			defaultConfigurationIsVisible = 0;
			defaultConfigurationName = Release;
		};
		8F7FCE181BB6E26600F27474 /* Build configuration list for PBXNativeTarget "CYXBuDeJieTests" */ = {
			isa = XCConfigurationList;
			buildConfigurations = (
				8F7FCE191BB6E26600F27474 /* Debug */,
				8F7FCE1A1BB6E26600F27474 /* Release */,
			);
			defaultConfigurationIsVisible = 0;
			defaultConfigurationName = Release;
		};
		8F7FCE1B1BB6E26600F27474 /* Build configuration list for PBXNativeTarget "CYXBuDeJieUITests" */ = {
			isa = XCConfigurationList;
			buildConfigurations = (
				8F7FCE1C1BB6E26600F27474 /* Debug */,
				8F7FCE1D1BB6E26600F27474 /* Release */,
			);
			defaultConfigurationIsVisible = 0;
			defaultConfigurationName = Release;
		};
/* End XCConfigurationList section */
	};
	rootObject = 8F7FCDE01BB6E26600F27474 /* Project object */;
}
