// !$*UTF8*$!
{
	archiveVersion = 1;
	classes = {
	};
	objectVersion = 46;
	objects = {

/* Begin PBXBuildFile section */
		8F03263F1BD273B5008DF0D7 /* NSDate+CYXExtension.m in Sources */ = {isa = PBXBuildFile; fileRef = 8F03263E1BD273B5008DF0D7 /* NSDate+CYXExtension.m */; settings = {ASSET_TAGS = (); }; };
		8F191EBC1BBDB53F00C75CF6 /* CYXLoginViewController.m in Sources */ = {isa = PBXBuildFile; fileRef = 8F191EBB1BBDB53F00C75CF6 /* CYXLoginViewController.m */; };
		8F1BD1DA1BBF9EEE00EFEF3E /* CYXLoginRegisterTextField.m in Sources */ = {isa = PBXBuildFile; fileRef = 8F1BD1D91BBF9EEE00EFEF3E /* CYXLoginRegisterTextField.m */; settings = {ASSET_TAGS = (); }; };
		8F2971FE1BDF9EEF00A05832 /* CYXCommentCell.m in Sources */ = {isa = PBXBuildFile; fileRef = 8F2971FC1BDF9EEF00A05832 /* CYXCommentCell.m */; settings = {ASSET_TAGS = (); }; };
		8F2971FF1BDF9EEF00A05832 /* CYXCommentCell.xib in Resources */ = {isa = PBXBuildFile; fileRef = 8F2971FD1BDF9EEF00A05832 /* CYXCommentCell.xib */; settings = {ASSET_TAGS = (); }; };
		8F445FE21BBDB06A0094765C /* CYXTestViewController.m in Sources */ = {isa = PBXBuildFile; fileRef = 8F445FE11BBDB06A0094765C /* CYXTestViewController.m */; };
		8F445FE41BBDB1020094765C /* CYXTestViewController.storyboard in Resources */ = {isa = PBXBuildFile; fileRef = 8F445FE31BBDB1020094765C /* CYXTestViewController.storyboard */; };
		8F502EE11BD003FE0045FF44 /* CYXAllViewController.m in Sources */ = {isa = PBXBuildFile; fileRef = 8F502EE01BD003FE0045FF44 /* CYXAllViewController.m */; settings = {ASSET_TAGS = (); }; };
		8F502EE41BD004190045FF44 /* CYXVideoViewController.m in Sources */ = {isa = PBXBuildFile; fileRef = 8F502EE31BD004190045FF44 /* CYXVideoViewController.m */; settings = {ASSET_TAGS = (); }; };
		8F502EE71BD0042B0045FF44 /* CYXVoiceViewController.m in Sources */ = {isa = PBXBuildFile; fileRef = 8F502EE61BD0042B0045FF44 /* CYXVoiceViewController.m */; settings = {ASSET_TAGS = (); }; };
		8F502EEA1BD004480045FF44 /* CYXPictureViewController.m in Sources */ = {isa = PBXBuildFile; fileRef = 8F502EE91BD004480045FF44 /* CYXPictureViewController.m */; settings = {ASSET_TAGS = (); }; };
		8F502EED1BD004600045FF44 /* CYXWordViewController.m in Sources */ = {isa = PBXBuildFile; fileRef = 8F502EEC1BD004600045FF44 /* CYXWordViewController.m */; settings = {ASSET_TAGS = (); }; };
		8F502EF01BD0057D0045FF44 /* CYXTitleButton.m in Sources */ = {isa = PBXBuildFile; fileRef = 8F502EEF1BD0057D0045FF44 /* CYXTitleButton.m */; settings = {ASSET_TAGS = (); }; };
		8F70979F1BCA7A4F003B112C /* CYXMeSquare.m in Sources */ = {isa = PBXBuildFile; fileRef = 8F70979E1BCA7A4F003B112C /* CYXMeSquare.m */; settings = {ASSET_TAGS = (); }; };
		8F7097A21BCA7A71003B112C /* CYXMeCell.m in Sources */ = {isa = PBXBuildFile; fileRef = 8F7097A11BCA7A71003B112C /* CYXMeCell.m */; settings = {ASSET_TAGS = (); }; };
		8F7097A51BCA84D5003B112C /* CYXMeFooter.m in Sources */ = {isa = PBXBuildFile; fileRef = 8F7097A41BCA84D5003B112C /* CYXMeFooter.m */; settings = {ASSET_TAGS = (); }; };
		8F7097A81BCAA5DE003B112C /* CYXSquareButton.m in Sources */ = {isa = PBXBuildFile; fileRef = 8F7097A71BCAA5DE003B112C /* CYXSquareButton.m */; settings = {ASSET_TAGS = (); }; };
		8F7097AB1BCAB502003B112C /* CYXHTTPSessionManager.m in Sources */ = {isa = PBXBuildFile; fileRef = 8F7097AA1BCAB502003B112C /* CYXHTTPSessionManager.m */; settings = {ASSET_TAGS = (); }; };
		8F73297B1BBAAA840071930C /* CYXEssenceController.m in Sources */ = {isa = PBXBuildFile; fileRef = 8F7329591BBAAA840071930C /* CYXEssenceController.m */; };
		8F73297D1BBAAA840071930C /* CYXMeController.m in Sources */ = {isa = PBXBuildFile; fileRef = 8F7329651BBAAA840071930C /* CYXMeController.m */; };
		8F73297E1BBAAA840071930C /* CYXNewController.m in Sources */ = {isa = PBXBuildFile; fileRef = 8F73296B1BBAAA840071930C /* CYXNewController.m */; };
		8F73297F1BBAAA840071930C /* AppDelegate.m in Sources */ = {isa = PBXBuildFile; fileRef = 8F7329701BBAAA840071930C /* AppDelegate.m */; };
		8F7329801BBAAA840071930C /* CYXTabBarController.m in Sources */ = {isa = PBXBuildFile; fileRef = 8F7329741BBAAA840071930C /* CYXTabBarController.m */; };
		8F7329811BBAAA840071930C /* main.m in Sources */ = {isa = PBXBuildFile; fileRef = 8F7329751BBAAA840071930C /* main.m */; };
		8F7329821BBAAA840071930C /* CYXTabBar.m in Sources */ = {isa = PBXBuildFile; fileRef = 8F73297A1BBAAA840071930C /* CYXTabBar.m */; };
		8F7329851BBAB40D0071930C /* UIBarButtonItem+CYXExtension.m in Sources */ = {isa = PBXBuildFile; fileRef = 8F7329841BBAB40D0071930C /* UIBarButtonItem+CYXExtension.m */; };
		8F756B101BDE43A500FFC26F /* CYXCommentViewController.m in Sources */ = {isa = PBXBuildFile; fileRef = 8F756B0E1BDE43A400FFC26F /* CYXCommentViewController.m */; settings = {ASSET_TAGS = (); }; };
		8F756B111BDE43A500FFC26F /* CYXCommentViewController.xib in Resources */ = {isa = PBXBuildFile; fileRef = 8F756B0F1BDE43A400FFC26F /* CYXCommentViewController.xib */; settings = {ASSET_TAGS = (); }; };
		8F7FCDF81BB6E26600F27474 /* Assets.xcassets in Resources */ = {isa = PBXBuildFile; fileRef = 8F7FCDF71BB6E26600F27474 /* Assets.xcassets */; };
		8F7FCE061BB6E26600F27474 /* CYXBuDeJieTests.m in Sources */ = {isa = PBXBuildFile; fileRef = 8F7FCE051BB6E26600F27474 /* CYXBuDeJieTests.m */; };
		8F7FCE111BB6E26600F27474 /* CYXBuDeJieUITests.m in Sources */ = {isa = PBXBuildFile; fileRef = 8F7FCE101BB6E26600F27474 /* CYXBuDeJieUITests.m */; };
		8F8406281BD3FE5B001D6AA0 /* CYXUser.m in Sources */ = {isa = PBXBuildFile; fileRef = 8F8406271BD3FE5B001D6AA0 /* CYXUser.m */; settings = {ASSET_TAGS = (); }; };
		8F84062B1BD3FE6F001D6AA0 /* CYXComment.m in Sources */ = {isa = PBXBuildFile; fileRef = 8F84062A1BD3FE6F001D6AA0 /* CYXComment.m */; settings = {ASSET_TAGS = (); }; };
		8F8D0F781BC8A3B0004300C5 /* NSObject+CYXExtension.m in Sources */ = {isa = PBXBuildFile; fileRef = 8F8D0F771BC8A3B0004300C5 /* NSObject+CYXExtension.m */; settings = {ASSET_TAGS = (); }; };
		8F8D0F7B1BC8A83B004300C5 /* UITextField+CYXExtension.m in Sources */ = {isa = PBXBuildFile; fileRef = 8F8D0F7A1BC8A83B004300C5 /* UITextField+CYXExtension.m */; settings = {ASSET_TAGS = (); }; };
		8F8D0F811BC8BA51004300C5 /* CYXConst.m in Sources */ = {isa = PBXBuildFile; fileRef = 8F8D0F801BC8BA51004300C5 /* CYXConst.m */; settings = {ASSET_TAGS = (); }; };
		8F8D0F841BC8EEE5004300C5 /* UIImage+CYXExtension.m in Sources */ = {isa = PBXBuildFile; fileRef = 8F8D0F831BC8EEE5004300C5 /* UIImage+CYXExtension.m */; settings = {ASSET_TAGS = (); }; };
		8F8D0F871BC8EF07004300C5 /* UIImageView+CYXExtension.m in Sources */ = {isa = PBXBuildFile; fileRef = 8F8D0F861BC8EF07004300C5 /* UIImageView+CYXExtension.m */; settings = {ASSET_TAGS = (); }; };
		8FA443011BD509FC0069EA3D /* CYXTopicPictureView.m in Sources */ = {isa = PBXBuildFile; fileRef = 8FA443001BD509FC0069EA3D /* CYXTopicPictureView.m */; settings = {ASSET_TAGS = (); }; };
		8FA443031BD50A270069EA3D /* CYXTopicPictureView.xib in Resources */ = {isa = PBXBuildFile; fileRef = 8FA443021BD50A270069EA3D /* CYXTopicPictureView.xib */; settings = {ASSET_TAGS = (); }; };
		8FA443061BD516090069EA3D /* CYXExtensionConfig.m in Sources */ = {isa = PBXBuildFile; fileRef = 8FA443051BD516090069EA3D /* CYXExtensionConfig.m */; settings = {ASSET_TAGS = (); }; };
		8FA91B4B1BCC98190068D032 /* NSString+CYXExtension.m in Sources */ = {isa = PBXBuildFile; fileRef = 8FA91B4A1BCC98190068D032 /* NSString+CYXExtension.m */; settings = {ASSET_TAGS = (); }; };
		8FA91B4E1BCCA6180068D032 /* CYXClearCacheCell.m in Sources */ = {isa = PBXBuildFile; fileRef = 8FA91B4D1BCCA6180068D032 /* CYXClearCacheCell.m */; settings = {ASSET_TAGS = (); }; };
		8FB0E5FF1BDCEB2100988644 /* CYXRecommendUserCell.m in Sources */ = {isa = PBXBuildFile; fileRef = 8FB0E5FE1BDCEB2100988644 /* CYXRecommendUserCell.m */; settings = {ASSET_TAGS = (); }; };
		8FB0E6021BDCEE9D00988644 /* CYXRecommendUser.m in Sources */ = {isa = PBXBuildFile; fileRef = 8FB0E6011BDCEE9D00988644 /* CYXRecommendUser.m */; settings = {ASSET_TAGS = (); }; };
		8FB9F1A51BD90D140083DC16 /* CYXSeeBigViewController.m in Sources */ = {isa = PBXBuildFile; fileRef = 8FB9F1A31BD90D140083DC16 /* CYXSeeBigViewController.m */; settings = {ASSET_TAGS = (); }; };
		8FB9F1A61BD90D140083DC16 /* CYXSeeBigViewController.xib in Resources */ = {isa = PBXBuildFile; fileRef = 8FB9F1A41BD90D140083DC16 /* CYXSeeBigViewController.xib */; settings = {ASSET_TAGS = (); }; };
		8FBD8B551BC692C6007AE903 /* CYXRecommandTagViewController.m in Sources */ = {isa = PBXBuildFile; fileRef = 8FBD8B541BC692C6007AE903 /* CYXRecommandTagViewController.m */; settings = {ASSET_TAGS = (); }; };
		8FBD8B591BC693AB007AE903 /* CYXRecommandTagCell.m in Sources */ = {isa = PBXBuildFile; fileRef = 8FBD8B571BC693AB007AE903 /* CYXRecommandTagCell.m */; settings = {ASSET_TAGS = (); }; };
		8FBD8B5A1BC693AB007AE903 /* CYXRecommandTagCell.xib in Resources */ = {isa = PBXBuildFile; fileRef = 8FBD8B581BC693AB007AE903 /* CYXRecommandTagCell.xib */; settings = {ASSET_TAGS = (); }; };
		8FC460571BCC02CF00886B09 /* CYXWebViewController.m in Sources */ = {isa = PBXBuildFile; fileRef = 8FC460551BCC02CF00886B09 /* CYXWebViewController.m */; settings = {ASSET_TAGS = (); }; };
		8FC460581BCC02CF00886B09 /* CYXWebViewController.xib in Resources */ = {isa = PBXBuildFile; fileRef = 8FC460561BCC02CF00886B09 /* CYXWebViewController.xib */; settings = {ASSET_TAGS = (); }; };
		8FD6F3331BDB15750073B0F4 /* CYXTopicVoiceView.m in Sources */ = {isa = PBXBuildFile; fileRef = 8FD6F3321BDB15750073B0F4 /* CYXTopicVoiceView.m */; settings = {ASSET_TAGS = (); }; };
		8FD6F3351BDB158E0073B0F4 /* CYXTopicVoiceView.xib in Resources */ = {isa = PBXBuildFile; fileRef = 8FD6F3341BDB158E0073B0F4 /* CYXTopicVoiceView.xib */; settings = {ASSET_TAGS = (); }; };
		8FD6F3381BDB15B90073B0F4 /* CYXTopicVideoView.m in Sources */ = {isa = PBXBuildFile; fileRef = 8FD6F3371BDB15B90073B0F4 /* CYXTopicVideoView.m */; settings = {ASSET_TAGS = (); }; };
		8FD6F33A1BDB15D00073B0F4 /* CYXTopicVideoView.xib in Resources */ = {isa = PBXBuildFile; fileRef = 8FD6F3391BDB15D00073B0F4 /* CYXTopicVideoView.xib */; settings = {ASSET_TAGS = (); }; };
		8FD6F33D1BDB32700073B0F4 /* CYXTopicViewController.m in Sources */ = {isa = PBXBuildFile; fileRef = 8FD6F33C1BDB32700073B0F4 /* CYXTopicViewController.m */; settings = {ASSET_TAGS = (); }; };
		8FD6F3401BDB69D30073B0F4 /* CYXRecommendCategory.m in Sources */ = {isa = PBXBuildFile; fileRef = 8FD6F33F1BDB69D30073B0F4 /* CYXRecommendCategory.m */; settings = {ASSET_TAGS = (); }; };
		8FD6F3431BDB6A8E0073B0F4 /* CYXRecommendFollowViewController.m in Sources */ = {isa = PBXBuildFile; fileRef = 8FD6F3421BDB6A8E0073B0F4 /* CYXRecommendFollowViewController.m */; settings = {ASSET_TAGS = (); }; };
		8FD6F3461BDB74AE0073B0F4 /* CYXRecommendCategoryCell.m in Sources */ = {isa = PBXBuildFile; fileRef = 8FD6F3451BDB74AE0073B0F4 /* CYXRecommendCategoryCell.m */; settings = {ASSET_TAGS = (); }; };
		8FDF2A281BBC27FE0083DB4F /* CYXSettingViewController.m in Sources */ = {isa = PBXBuildFile; fileRef = 8FDF2A271BBC27FE0083DB4F /* CYXSettingViewController.m */; };
		8FDF2A2A1BBC2B930083DB4F /* Test.storyboard in Resources */ = {isa = PBXBuildFile; fileRef = 8FDF2A291BBC2B930083DB4F /* Test.storyboard */; };
		8FDF2A2D1BBC31140083DB4F /* CYXNavigationController.m in Sources */ = {isa = PBXBuildFile; fileRef = 8FDF2A2C1BBC31140083DB4F /* CYXNavigationController.m */; };
		8FEDB1E81BBEE30C00E8D3BC /* UIView+CYXFrame.m in Sources */ = {isa = PBXBuildFile; fileRef = 8FEDB1E71BBEE30C00E8D3BC /* UIView+CYXFrame.m */; };
		8FEDB1EB1BBEE36500E8D3BC /* CYXQuickLoginButton.m in Sources */ = {isa = PBXBuildFile; fileRef = 8FEDB1EA1BBEE36500E8D3BC /* CYXQuickLoginButton.m */; };
		8FF432AB1BC6E6390056F4FF /* CYXReaommandTag.m in Sources */ = {isa = PBXBuildFile; fileRef = 8FF432AA1BC6E6390056F4FF /* CYXReaommandTag.m */; settings = {ASSET_TAGS = (); }; };
		8FF96C511BD15CC400F06712 /* CYXTopic.m in Sources */ = {isa = PBXBuildFile; fileRef = 8FF96C501BD15CC400F06712 /* CYXTopic.m */; settings = {ASSET_TAGS = (); }; };
		8FF96C551BD2328900F06712 /* CYXTopicCell.m in Sources */ = {isa = PBXBuildFile; fileRef = 8FF96C531BD2328900F06712 /* CYXTopicCell.m */; settings = {ASSET_TAGS = (); }; };
		8FF96C561BD2328900F06712 /* CYXTopicCell.xib in Resources */ = {isa = PBXBuildFile; fileRef = 8FF96C541BD2328900F06712 /* CYXTopicCell.xib */; settings = {ASSET_TAGS = (); }; };
		B01AD61A2E99CA66BECFCDC6 /* libPods.a in Frameworks */ = {isa = PBXBuildFile; fileRef = 67B3D50366C1542ED7E28CB4 /* libPods.a */; };
/* End PBXBuildFile section */

/* Begin PBXContainerItemProxy section */
		8F7FCE021BB6E26600F27474 /* PBXContainerItemProxy */ = {
			isa = PBXContainerItemProxy;
			containerPortal = 8F7FCDE01BB6E26600F27474 /* Project object */;
			proxyType = 1;
			remoteGlobalIDString = 8F7FCDE71BB6E26600F27474;
			remoteInfo = CYXBuDeJie;
		};
		8F7FCE0D1BB6E26600F27474 /* PBXContainerItemProxy */ = {
			isa = PBXContainerItemProxy;
			containerPortal = 8F7FCDE01BB6E26600F27474 /* Project object */;
			proxyType = 1;
			remoteGlobalIDString = 8F7FCDE71BB6E26600F27474;
			remoteInfo = CYXBuDeJie;
		};
/* End PBXContainerItemProxy section */

/* Begin PBXFileReference section */
		0C9EF6754048D4CE9CADA925 /* Pods.debug.xcconfig */ = {isa = PBXFileReference; includeInIndex = 1; lastKnownFileType = text.xcconfig; name = Pods.debug.xcconfig; path = "Pods/Target Support Files/Pods/Pods.debug.xcconfig"; sourceTree = "<group>"; };
		4177FB447A8CCD973CD2A128 /* Pods.release.xcconfig */ = {isa = PBXFileReference; includeInIndex = 1; lastKnownFileType = text.xcconfig; name = Pods.release.xcconfig; path = "Pods/Target Support Files/Pods/Pods.release.xcconfig"; sourceTree = "<group>"; };
		67B3D50366C1542ED7E28CB4 /* libPods.a */ = {isa = PBXFileReference; explicitFileType = archive.ar; includeInIndex = 0; path = libPods.a; sourceTree = BUILT_PRODUCTS_DIR; };
		8F03263D1BD273B5008DF0D7 /* NSDate+CYXExtension.h */ = {isa = PBXFileReference; fileEncoding = 4; lastKnownFileType = sourcecode.c.h; path = "NSDate+CYXExtension.h"; sourceTree = "<group>"; };
		8F03263E1BD273B5008DF0D7 /* NSDate+CYXExtension.m */ = {isa = PBXFileReference; fileEncoding = 4; lastKnownFileType = sourcecode.c.objc; path = "NSDate+CYXExtension.m"; sourceTree = "<group>"; };
		8F191EBA1BBDB53F00C75CF6 /* CYXLoginViewController.h */ = {isa = PBXFileReference; fileEncoding = 4; lastKnownFileType = sourcecode.c.h; path = CYXLoginViewController.h; sourceTree = "<group>"; };
		8F191EBB1BBDB53F00C75CF6 /* CYXLoginViewController.m */ = {isa = PBXFileReference; fileEncoding = 4; lastKnownFileType = sourcecode.c.objc; path = CYXLoginViewController.m; sourceTree = "<group>"; };
		8F1BD1D81BBF9EEE00EFEF3E /* CYXLoginRegisterTextField.h */ = {isa = PBXFileReference; fileEncoding = 4; lastKnownFileType = sourcecode.c.h; path = CYXLoginRegisterTextField.h; sourceTree = "<group>"; };
		8F1BD1D91BBF9EEE00EFEF3E /* CYXLoginRegisterTextField.m */ = {isa = PBXFileReference; fileEncoding = 4; lastKnownFileType = sourcecode.c.objc; path = CYXLoginRegisterTextField.m; sourceTree = "<group>"; };
		8F2971FB1BDF9EEF00A05832 /* CYXCommentCell.h */ = {isa = PBXFileReference; fileEncoding = 4; lastKnownFileType = sourcecode.c.h; path = CYXCommentCell.h; sourceTree = "<group>"; };
		8F2971FC1BDF9EEF00A05832 /* CYXCommentCell.m */ = {isa = PBXFileReference; fileEncoding = 4; lastKnownFileType = sourcecode.c.objc; path = CYXCommentCell.m; sourceTree = "<group>"; };
		8F2971FD1BDF9EEF00A05832 /* CYXCommentCell.xib */ = {isa = PBXFileReference; fileEncoding = 4; lastKnownFileType = file.xib; path = CYXCommentCell.xib; sourceTree = "<group>"; };
		8F445FE01BBDB06A0094765C /* CYXTestViewController.h */ = {isa = PBXFileReference; fileEncoding = 4; lastKnownFileType = sourcecode.c.h; path = CYXTestViewController.h; sourceTree = "<group>"; };
		8F445FE11BBDB06A0094765C /* CYXTestViewController.m */ = {isa = PBXFileReference; fileEncoding = 4; lastKnownFileType = sourcecode.c.objc; path = CYXTestViewController.m; sourceTree = "<group>"; };
		8F445FE31BBDB1020094765C /* CYXTestViewController.storyboard */ = {isa = PBXFileReference; fileEncoding = 4; lastKnownFileType = file.storyboard; path = CYXTestViewController.storyboard; sourceTree = "<group>"; };
		8F502EDF1BD003FE0045FF44 /* CYXAllViewController.h */ = {isa = PBXFileReference; fileEncoding = 4; lastKnownFileType = sourcecode.c.h; path = CYXAllViewController.h; sourceTree = "<group>"; };
		8F502EE01BD003FE0045FF44 /* CYXAllViewController.m */ = {isa = PBXFileReference; fileEncoding = 4; lastKnownFileType = sourcecode.c.objc; path = CYXAllViewController.m; sourceTree = "<group>"; };
		8F502EE21BD004190045FF44 /* CYXVideoViewController.h */ = {isa = PBXFileReference; fileEncoding = 4; lastKnownFileType = sourcecode.c.h; path = CYXVideoViewController.h; sourceTree = "<group>"; };
		8F502EE31BD004190045FF44 /* CYXVideoViewController.m */ = {isa = PBXFileReference; fileEncoding = 4; lastKnownFileType = sourcecode.c.objc; path = CYXVideoViewController.m; sourceTree = "<group>"; };
		8F502EE51BD0042B0045FF44 /* CYXVoiceViewController.h */ = {isa = PBXFileReference; fileEncoding = 4; lastKnownFileType = sourcecode.c.h; path = CYXVoiceViewController.h; sourceTree = "<group>"; };
		8F502EE61BD0042B0045FF44 /* CYXVoiceViewController.m */ = {isa = PBXFileReference; fileEncoding = 4; lastKnownFileType = sourcecode.c.objc; path = CYXVoiceViewController.m; sourceTree = "<group>"; };
		8F502EE81BD004480045FF44 /* CYXPictureViewController.h */ = {isa = PBXFileReference; fileEncoding = 4; lastKnownFileType = sourcecode.c.h; path = CYXPictureViewController.h; sourceTree = "<group>"; };
		8F502EE91BD004480045FF44 /* CYXPictureViewController.m */ = {isa = PBXFileReference; fileEncoding = 4; lastKnownFileType = sourcecode.c.objc; path = CYXPictureViewController.m; sourceTree = "<group>"; };
		8F502EEB1BD004600045FF44 /* CYXWordViewController.h */ = {isa = PBXFileReference; fileEncoding = 4; lastKnownFileType = sourcecode.c.h; path = CYXWordViewController.h; sourceTree = "<group>"; };
		8F502EEC1BD004600045FF44 /* CYXWordViewController.m */ = {isa = PBXFileReference; fileEncoding = 4; lastKnownFileType = sourcecode.c.objc; path = CYXWordViewController.m; sourceTree = "<group>"; };
		8F502EEE1BD0057D0045FF44 /* CYXTitleButton.h */ = {isa = PBXFileReference; fileEncoding = 4; lastKnownFileType = sourcecode.c.h; path = CYXTitleButton.h; sourceTree = "<group>"; };
		8F502EEF1BD0057D0045FF44 /* CYXTitleButton.m */ = {isa = PBXFileReference; fileEncoding = 4; lastKnownFileType = sourcecode.c.objc; path = CYXTitleButton.m; sourceTree = "<group>"; };
		8F70979D1BCA7A4F003B112C /* CYXMeSquare.h */ = {isa = PBXFileReference; fileEncoding = 4; lastKnownFileType = sourcecode.c.h; path = CYXMeSquare.h; sourceTree = "<group>"; };
		8F70979E1BCA7A4F003B112C /* CYXMeSquare.m */ = {isa = PBXFileReference; fileEncoding = 4; lastKnownFileType = sourcecode.c.objc; path = CYXMeSquare.m; sourceTree = "<group>"; };
		8F7097A01BCA7A71003B112C /* CYXMeCell.h */ = {isa = PBXFileReference; fileEncoding = 4; lastKnownFileType = sourcecode.c.h; path = CYXMeCell.h; sourceTree = "<group>"; };
		8F7097A11BCA7A71003B112C /* CYXMeCell.m */ = {isa = PBXFileReference; fileEncoding = 4; lastKnownFileType = sourcecode.c.objc; path = CYXMeCell.m; sourceTree = "<group>"; };
		8F7097A31BCA84D5003B112C /* CYXMeFooter.h */ = {isa = PBXFileReference; fileEncoding = 4; lastKnownFileType = sourcecode.c.h; path = CYXMeFooter.h; sourceTree = "<group>"; };
		8F7097A41BCA84D5003B112C /* CYXMeFooter.m */ = {isa = PBXFileReference; fileEncoding = 4; lastKnownFileType = sourcecode.c.objc; path = CYXMeFooter.m; sourceTree = "<group>"; };
		8F7097A61BCAA5DE003B112C /* CYXSquareButton.h */ = {isa = PBXFileReference; fileEncoding = 4; lastKnownFileType = sourcecode.c.h; path = CYXSquareButton.h; sourceTree = "<group>"; };
		8F7097A71BCAA5DE003B112C /* CYXSquareButton.m */ = {isa = PBXFileReference; fileEncoding = 4; lastKnownFileType = sourcecode.c.objc; path = CYXSquareButton.m; sourceTree = "<group>"; };
		8F7097A91BCAB502003B112C /* CYXHTTPSessionManager.h */ = {isa = PBXFileReference; fileEncoding = 4; lastKnownFileType = sourcecode.c.h; path = CYXHTTPSessionManager.h; sourceTree = "<group>"; };
		8F7097AA1BCAB502003B112C /* CYXHTTPSessionManager.m */ = {isa = PBXFileReference; fileEncoding = 4; lastKnownFileType = sourcecode.c.objc; path = CYXHTTPSessionManager.m; sourceTree = "<group>"; };
		8F7329581BBAAA840071930C /* CYXEssenceController.h */ = {isa = PBXFileReference; fileEncoding = 4; lastKnownFileType = sourcecode.c.h; path = CYXEssenceController.h; sourceTree = "<group>"; };
		8F7329591BBAAA840071930C /* CYXEssenceController.m */ = {isa = PBXFileReference; fileEncoding = 4; lastKnownFileType = sourcecode.c.objc; path = CYXEssenceController.m; sourceTree = "<group>"; };
		8F7329641BBAAA840071930C /* CYXMeController.h */ = {isa = PBXFileReference; fileEncoding = 4; lastKnownFileType = sourcecode.c.h; path = CYXMeController.h; sourceTree = "<group>"; };
		8F7329651BBAAA840071930C /* CYXMeController.m */ = {isa = PBXFileReference; fileEncoding = 4; lastKnownFileType = sourcecode.c.objc; path = CYXMeController.m; sourceTree = "<group>"; };
		8F73296A1BBAAA840071930C /* CYXNewController.h */ = {isa = PBXFileReference; fileEncoding = 4; lastKnownFileType = sourcecode.c.h; path = CYXNewController.h; sourceTree = "<group>"; };
		8F73296B1BBAAA840071930C /* CYXNewController.m */ = {isa = PBXFileReference; fileEncoding = 4; lastKnownFileType = sourcecode.c.objc; path = CYXNewController.m; sourceTree = "<group>"; };
		8F73296F1BBAAA840071930C /* AppDelegate.h */ = {isa = PBXFileReference; fileEncoding = 4; lastKnownFileType = sourcecode.c.h; path = AppDelegate.h; sourceTree = "<group>"; };
		8F7329701BBAAA840071930C /* AppDelegate.m */ = {isa = PBXFileReference; fileEncoding = 4; lastKnownFileType = sourcecode.c.objc; path = AppDelegate.m; sourceTree = "<group>"; };
		8F7329731BBAAA840071930C /* CYXTabBarController.h */ = {isa = PBXFileReference; fileEncoding = 4; lastKnownFileType = sourcecode.c.h; path = CYXTabBarController.h; sourceTree = "<group>"; };
		8F7329741BBAAA840071930C /* CYXTabBarController.m */ = {isa = PBXFileReference; fileEncoding = 4; lastKnownFileType = sourcecode.c.objc; path = CYXTabBarController.m; sourceTree = "<group>"; };
		8F7329751BBAAA840071930C /* main.m */ = {isa = PBXFileReference; fileEncoding = 4; lastKnownFileType = sourcecode.c.objc; path = main.m; sourceTree = "<group>"; };
		8F7329771BBAAA840071930C /* PrefixHeader.pch */ = {isa = PBXFileReference; fileEncoding = 4; lastKnownFileType = sourcecode.c.h; path = PrefixHeader.pch; sourceTree = "<group>"; };
		8F7329791BBAAA840071930C /* CYXTabBar.h */ = {isa = PBXFileReference; fileEncoding = 4; lastKnownFileType = sourcecode.c.h; path = CYXTabBar.h; sourceTree = "<group>"; };
		8F73297A1BBAAA840071930C /* CYXTabBar.m */ = {isa = PBXFileReference; fileEncoding = 4; lastKnownFileType = sourcecode.c.objc; path = CYXTabBar.m; sourceTree = "<group>"; };
		8F7329831BBAB40D0071930C /* UIBarButtonItem+CYXExtension.h */ = {isa = PBXFileReference; fileEncoding = 4; lastKnownFileType = sourcecode.c.h; path = "UIBarButtonItem+CYXExtension.h"; sourceTree = "<group>"; };
		8F7329841BBAB40D0071930C /* UIBarButtonItem+CYXExtension.m */ = {isa = PBXFileReference; fileEncoding = 4; lastKnownFileType = sourcecode.c.objc; path = "UIBarButtonItem+CYXExtension.m"; sourceTree = "<group>"; };
		8F756B0D1BDE43A400FFC26F /* CYXCommentViewController.h */ = {isa = PBXFileReference; fileEncoding = 4; lastKnownFileType = sourcecode.c.h; path = CYXCommentViewController.h; sourceTree = "<group>"; };
		8F756B0E1BDE43A400FFC26F /* CYXCommentViewController.m */ = {isa = PBXFileReference; fileEncoding = 4; lastKnownFileType = sourcecode.c.objc; path = CYXCommentViewController.m; sourceTree = "<group>"; };
		8F756B0F1BDE43A400FFC26F /* CYXCommentViewController.xib */ = {isa = PBXFileReference; fileEncoding = 4; lastKnownFileType = file.xib; path = CYXCommentViewController.xib; sourceTree = "<group>"; };
		8F7FCDE81BB6E26600F27474 /* CYXBuDeJie.app */ = {isa = PBXFileReference; explicitFileType = wrapper.application; includeInIndex = 0; path = CYXBuDeJie.app; sourceTree = BUILT_PRODUCTS_DIR; };
		8F7FCDF71BB6E26600F27474 /* Assets.xcassets */ = {isa = PBXFileReference; lastKnownFileType = folder.assetcatalog; path = Assets.xcassets; sourceTree = "<group>"; };
		8F7FCDFC1BB6E26600F27474 /* Info.plist */ = {isa = PBXFileReference; lastKnownFileType = text.plist.xml; path = Info.plist; sourceTree = "<group>"; };
		8F7FCE011BB6E26600F27474 /* CYXBuDeJieTests.xctest */ = {isa = PBXFileReference; explicitFileType = wrapper.cfbundle; includeInIndex = 0; path = CYXBuDeJieTests.xctest; sourceTree = BUILT_PRODUCTS_DIR; };
		8F7FCE051BB6E26600F27474 /* CYXBuDeJieTests.m */ = {isa = PBXFileReference; lastKnownFileType = sourcecode.c.objc; path = CYXBuDeJieTests.m; sourceTree = "<group>"; };
		8F7FCE071BB6E26600F27474 /* Info.plist */ = {isa = PBXFileReference; lastKnownFileType = text.plist.xml; path = Info.plist; sourceTree = "<group>"; };
		8F7FCE0C1BB6E26600F27474 /* CYXBuDeJieUITests.xctest */ = {isa = PBXFileReference; explicitFileType = wrapper.cfbundle; includeInIndex = 0; path = CYXBuDeJieUITests.xctest; sourceTree = BUILT_PRODUCTS_DIR; };
		8F7FCE101BB6E26600F27474 /* CYXBuDeJieUITests.m */ = {isa = PBXFileReference; lastKnownFileType = sourcecode.c.objc; path = CYXBuDeJieUITests.m; sourceTree = "<group>"; };
		8F7FCE121BB6E26600F27474 /* Info.plist */ = {isa = PBXFileReference; lastKnownFileType = text.plist.xml; path = Info.plist; sourceTree = "<group>"; };
		8F8406261BD3FE5B001D6AA0 /* CYXUser.h */ = {isa = PBXFileReference; fileEncoding = 4; lastKnownFileType = sourcecode.c.h; path = CYXUser.h; sourceTree = "<group>"; };
		8F8406271BD3FE5B001D6AA0 /* CYXUser.m */ = {isa = PBXFileReference; fileEncoding = 4; lastKnownFileType = sourcecode.c.objc; path = CYXUser.m; sourceTree = "<group>"; };
		8F8406291BD3FE6F001D6AA0 /* CYXComment.h */ = {isa = PBXFileReference; fileEncoding = 4; lastKnownFileType = sourcecode.c.h; path = CYXComment.h; sourceTree = "<group>"; };
		8F84062A1BD3FE6F001D6AA0 /* CYXComment.m */ = {isa = PBXFileReference; fileEncoding = 4; lastKnownFileType = sourcecode.c.objc; path = CYXComment.m; sourceTree = "<group>"; };
		8F8D0F761BC8A3B0004300C5 /* NSObject+CYXExtension.h */ = {isa = PBXFileReference; fileEncoding = 4; lastKnownFileType = sourcecode.c.h; path = "NSObject+CYXExtension.h"; sourceTree = "<group>"; };
		8F8D0F771BC8A3B0004300C5 /* NSObject+CYXExtension.m */ = {isa = PBXFileReference; fileEncoding = 4; lastKnownFileType = sourcecode.c.objc; path = "NSObject+CYXExtension.m"; sourceTree = "<group>"; };
		8F8D0F791BC8A83B004300C5 /* UITextField+CYXExtension.h */ = {isa = PBXFileReference; fileEncoding = 4; lastKnownFileType = sourcecode.c.h; path = "UITextField+CYXExtension.h"; sourceTree = "<group>"; };
		8F8D0F7A1BC8A83B004300C5 /* UITextField+CYXExtension.m */ = {isa = PBXFileReference; fileEncoding = 4; lastKnownFileType = sourcecode.c.objc; path = "UITextField+CYXExtension.m"; sourceTree = "<group>"; };
		8F8D0F7F1BC8BA51004300C5 /* CYXConst.h */ = {isa = PBXFileReference; fileEncoding = 4; lastKnownFileType = sourcecode.c.h; path = CYXConst.h; sourceTree = "<group>"; };
		8F8D0F801BC8BA51004300C5 /* CYXConst.m */ = {isa = PBXFileReference; fileEncoding = 4; lastKnownFileType = sourcecode.c.objc; path = CYXConst.m; sourceTree = "<group>"; };
		8F8D0F821BC8EEE5004300C5 /* UIImage+CYXExtension.h */ = {isa = PBXFileReference; fileEncoding = 4; lastKnownFileType = sourcecode.c.h; path = "UIImage+CYXExtension.h"; sourceTree = "<group>"; };
		8F8D0F831BC8EEE5004300C5 /* UIImage+CYXExtension.m */ = {isa = PBXFileReference; fileEncoding = 4; lastKnownFileType = sourcecode.c.objc; path = "UIImage+CYXExtension.m"; sourceTree = "<group>"; };
		8F8D0F851BC8EF07004300C5 /* UIImageView+CYXExtension.h */ = {isa = PBXFileReference; fileEncoding = 4; lastKnownFileType = sourcecode.c.h; path = "UIImageView+CYXExtension.h"; sourceTree = "<group>"; };
		8F8D0F861BC8EF07004300C5 /* UIImageView+CYXExtension.m */ = {isa = PBXFileReference; fileEncoding = 4; lastKnownFileType = sourcecode.c.objc; path = "UIImageView+CYXExtension.m"; sourceTree = "<group>"; };
		8FA442FF1BD509FC0069EA3D /* CYXTopicPictureView.h */ = {isa = PBXFileReference; fileEncoding = 4; lastKnownFileType = sourcecode.c.h; path = CYXTopicPictureView.h; sourceTree = "<group>"; };
		8FA443001BD509FC0069EA3D /* CYXTopicPictureView.m */ = {isa = PBXFileReference; fileEncoding = 4; lastKnownFileType = sourcecode.c.objc; path = CYXTopicPictureView.m; sourceTree = "<group>"; };
		8FA443021BD50A270069EA3D /* CYXTopicPictureView.xib */ = {isa = PBXFileReference; fileEncoding = 4; lastKnownFileType = file.xib; path = CYXTopicPictureView.xib; sourceTree = "<group>"; };
		8FA443041BD516090069EA3D /* CYXExtensionConfig.h */ = {isa = PBXFileReference; fileEncoding = 4; lastKnownFileType = sourcecode.c.h; path = CYXExtensionConfig.h; sourceTree = "<group>"; };
		8FA443051BD516090069EA3D /* CYXExtensionConfig.m */ = {isa = PBXFileReference; fileEncoding = 4; lastKnownFileType = sourcecode.c.objc; path = CYXExtensionConfig.m; sourceTree = "<group>"; };
		8FA91B491BCC98190068D032 /* NSString+CYXExtension.h */ = {isa = PBXFileReference; fileEncoding = 4; lastKnownFileType = sourcecode.c.h; path = "NSString+CYXExtension.h"; sourceTree = "<group>"; };
		8FA91B4A1BCC98190068D032 /* NSString+CYXExtension.m */ = {isa = PBXFileReference; fileEncoding = 4; lastKnownFileType = sourcecode.c.objc; path = "NSString+CYXExtension.m"; sourceTree = "<group>"; };
		8FA91B4C1BCCA6180068D032 /* CYXClearCacheCell.h */ = {isa = PBXFileReference; fileEncoding = 4; lastKnownFileType = sourcecode.c.h; path = CYXClearCacheCell.h; sourceTree = "<group>"; };
		8FA91B4D1BCCA6180068D032 /* CYXClearCacheCell.m */ = {isa = PBXFileReference; fileEncoding = 4; lastKnownFileType = sourcecode.c.objc; path = CYXClearCacheCell.m; sourceTree = "<group>"; };
		8FB0E5FD1BDCEB2100988644 /* CYXRecommendUserCell.h */ = {isa = PBXFileReference; fileEncoding = 4; lastKnownFileType = sourcecode.c.h; path = CYXRecommendUserCell.h; sourceTree = "<group>"; };
		8FB0E5FE1BDCEB2100988644 /* CYXRecommendUserCell.m */ = {isa = PBXFileReference; fileEncoding = 4; lastKnownFileType = sourcecode.c.objc; path = CYXRecommendUserCell.m; sourceTree = "<group>"; };
		8FB0E6001BDCEE9D00988644 /* CYXRecommendUser.h */ = {isa = PBXFileReference; fileEncoding = 4; lastKnownFileType = sourcecode.c.h; path = CYXRecommendUser.h; sourceTree = "<group>"; };
		8FB0E6011BDCEE9D00988644 /* CYXRecommendUser.m */ = {isa = PBXFileReference; fileEncoding = 4; lastKnownFileType = sourcecode.c.objc; path = CYXRecommendUser.m; sourceTree = "<group>"; };
		8FB9F1A21BD90D140083DC16 /* CYXSeeBigViewController.h */ = {isa = PBXFileReference; fileEncoding = 4; lastKnownFileType = sourcecode.c.h; path = CYXSeeBigViewController.h; sourceTree = "<group>"; };
		8FB9F1A31BD90D140083DC16 /* CYXSeeBigViewController.m */ = {isa = PBXFileReference; fileEncoding = 4; lastKnownFileType = sourcecode.c.objc; path = CYXSeeBigViewController.m; sourceTree = "<group>"; };
		8FB9F1A41BD90D140083DC16 /* CYXSeeBigViewController.xib */ = {isa = PBXFileReference; fileEncoding = 4; lastKnownFileType = file.xib; path = CYXSeeBigViewController.xib; sourceTree = "<group>"; };
		8FBD8B531BC692C6007AE903 /* CYXRecommandTagViewController.h */ = {isa = PBXFileReference; fileEncoding = 4; lastKnownFileType = sourcecode.c.h; path = CYXRecommandTagViewController.h; sourceTree = "<group>"; };
		8FBD8B541BC692C6007AE903 /* CYXRecommandTagViewController.m */ = {isa = PBXFileReference; fileEncoding = 4; lastKnownFileType = sourcecode.c.objc; path = CYXRecommandTagViewController.m; sourceTree = "<group>"; };
		8FBD8B561BC693AB007AE903 /* CYXRecommandTagCell.h */ = {isa = PBXFileReference; fileEncoding = 4; lastKnownFileType = sourcecode.c.h; path = CYXRecommandTagCell.h; sourceTree = "<group>"; };
		8FBD8B571BC693AB007AE903 /* CYXRecommandTagCell.m */ = {isa = PBXFileReference; fileEncoding = 4; lastKnownFileType = sourcecode.c.objc; path = CYXRecommandTagCell.m; sourceTree = "<group>"; };
		8FBD8B581BC693AB007AE903 /* CYXRecommandTagCell.xib */ = {isa = PBXFileReference; fileEncoding = 4; lastKnownFileType = file.xib; path = CYXRecommandTagCell.xib; sourceTree = "<group>"; };
		8FC460541BCC02CF00886B09 /* CYXWebViewController.h */ = {isa = PBXFileReference; fileEncoding = 4; lastKnownFileType = sourcecode.c.h; path = CYXWebViewController.h; sourceTree = "<group>"; };
		8FC460551BCC02CF00886B09 /* CYXWebViewController.m */ = {isa = PBXFileReference; fileEncoding = 4; lastKnownFileType = sourcecode.c.objc; path = CYXWebViewController.m; sourceTree = "<group>"; };
		8FC460561BCC02CF00886B09 /* CYXWebViewController.xib */ = {isa = PBXFileReference; fileEncoding = 4; lastKnownFileType = file.xib; path = CYXWebViewController.xib; sourceTree = "<group>"; };
		8FD6F3311BDB15750073B0F4 /* CYXTopicVoiceView.h */ = {isa = PBXFileReference; fileEncoding = 4; lastKnownFileType = sourcecode.c.h; path = CYXTopicVoiceView.h; sourceTree = "<group>"; };
		8FD6F3321BDB15750073B0F4 /* CYXTopicVoiceView.m */ = {isa = PBXFileReference; fileEncoding = 4; lastKnownFileType = sourcecode.c.objc; path = CYXTopicVoiceView.m; sourceTree = "<group>"; };
		8FD6F3341BDB158E0073B0F4 /* CYXTopicVoiceView.xib */ = {isa = PBXFileReference; fileEncoding = 4; lastKnownFileType = file.xib; path = CYXTopicVoiceView.xib; sourceTree = "<group>"; };
		8FD6F3361BDB15B90073B0F4 /* CYXTopicVideoView.h */ = {isa = PBXFileReference; fileEncoding = 4; lastKnownFileType = sourcecode.c.h; path = CYXTopicVideoView.h; sourceTree = "<group>"; };
		8FD6F3371BDB15B90073B0F4 /* CYXTopicVideoView.m */ = {isa = PBXFileReference; fileEncoding = 4; lastKnownFileType = sourcecode.c.objc; path = CYXTopicVideoView.m; sourceTree = "<group>"; };
		8FD6F3391BDB15D00073B0F4 /* CYXTopicVideoView.xib */ = {isa = PBXFileReference; fileEncoding = 4; lastKnownFileType = file.xib; path = CYXTopicVideoView.xib; sourceTree = "<group>"; };
		8FD6F33B1BDB326F0073B0F4 /* CYXTopicViewController.h */ = {isa = PBXFileReference; fileEncoding = 4; lastKnownFileType = sourcecode.c.h; path = CYXTopicViewController.h; sourceTree = "<group>"; };
		8FD6F33C1BDB32700073B0F4 /* CYXTopicViewController.m */ = {isa = PBXFileReference; fileEncoding = 4; lastKnownFileType = sourcecode.c.objc; path = CYXTopicViewController.m; sourceTree = "<group>"; };
		8FD6F33E1BDB69D30073B0F4 /* CYXRecommendCategory.h */ = {isa = PBXFileReference; fileEncoding = 4; lastKnownFileType = sourcecode.c.h; path = CYXRecommendCategory.h; sourceTree = "<group>"; };
		8FD6F33F1BDB69D30073B0F4 /* CYXRecommendCategory.m */ = {isa = PBXFileReference; fileEncoding = 4; lastKnownFileType = sourcecode.c.objc; path = CYXRecommendCategory.m; sourceTree = "<group>"; };
		8FD6F3411BDB6A8E0073B0F4 /* CYXRecommendFollowViewController.h */ = {isa = PBXFileReference; fileEncoding = 4; lastKnownFileType = sourcecode.c.h; path = CYXRecommendFollowViewController.h; sourceTree = "<group>"; };
		8FD6F3421BDB6A8E0073B0F4 /* CYXRecommendFollowViewController.m */ = {isa = PBXFileReference; fileEncoding = 4; lastKnownFileType = sourcecode.c.objc; path = CYXRecommendFollowViewController.m; sourceTree = "<group>"; };
		8FD6F3441BDB74AE0073B0F4 /* CYXRecommendCategoryCell.h */ = {isa = PBXFileReference; fileEncoding = 4; lastKnownFileType = sourcecode.c.h; path = CYXRecommendCategoryCell.h; sourceTree = "<group>"; };
		8FD6F3451BDB74AE0073B0F4 /* CYXRecommendCategoryCell.m */ = {isa = PBXFileReference; fileEncoding = 4; lastKnownFileType = sourcecode.c.objc; path = CYXRecommendCategoryCell.m; sourceTree = "<group>"; };
		8FDF2A261BBC27FE0083DB4F /* CYXSettingViewController.h */ = {isa = PBXFileReference; fileEncoding = 4; lastKnownFileType = sourcecode.c.h; path = CYXSettingViewController.h; sourceTree = "<group>"; };
		8FDF2A271BBC27FE0083DB4F /* CYXSettingViewController.m */ = {isa = PBXFileReference; fileEncoding = 4; lastKnownFileType = sourcecode.c.objc; path = CYXSettingViewController.m; sourceTree = "<group>"; };
		8FDF2A291BBC2B930083DB4F /* Test.storyboard */ = {isa = PBXFileReference; fileEncoding = 4; lastKnownFileType = file.storyboard; path = Test.storyboard; sourceTree = "<group>"; };
		8FDF2A2B1BBC31140083DB4F /* CYXNavigationController.h */ = {isa = PBXFileReference; fileEncoding = 4; lastKnownFileType = sourcecode.c.h; path = CYXNavigationController.h; sourceTree = "<group>"; };
		8FDF2A2C1BBC31140083DB4F /* CYXNavigationController.m */ = {isa = PBXFileReference; fileEncoding = 4; lastKnownFileType = sourcecode.c.objc; path = CYXNavigationController.m; sourceTree = "<group>"; };
		8FEDB1E61BBEE30C00E8D3BC /* UIView+CYXFrame.h */ = {isa = PBXFileReference; fileEncoding = 4; lastKnownFileType = sourcecode.c.h; path = "UIView+CYXFrame.h"; sourceTree = "<group>"; };
		8FEDB1E71BBEE30C00E8D3BC /* UIView+CYXFrame.m */ = {isa = PBXFileReference; fileEncoding = 4; lastKnownFileType = sourcecode.c.objc; path = "UIView+CYXFrame.m"; sourceTree = "<group>"; };
		8FEDB1E91BBEE36500E8D3BC /* CYXQuickLoginButton.h */ = {isa = PBXFileReference; fileEncoding = 4; lastKnownFileType = sourcecode.c.h; path = CYXQuickLoginButton.h; sourceTree = "<group>"; };
		8FEDB1EA1BBEE36500E8D3BC /* CYXQuickLoginButton.m */ = {isa = PBXFileReference; fileEncoding = 4; lastKnownFileType = sourcecode.c.objc; path = CYXQuickLoginButton.m; sourceTree = "<group>"; };
		8FF432A91BC6E6390056F4FF /* CYXReaommandTag.h */ = {isa = PBXFileReference; fileEncoding = 4; lastKnownFileType = sourcecode.c.h; path = CYXReaommandTag.h; sourceTree = "<group>"; };
		8FF432AA1BC6E6390056F4FF /* CYXReaommandTag.m */ = {isa = PBXFileReference; fileEncoding = 4; lastKnownFileType = sourcecode.c.objc; path = CYXReaommandTag.m; sourceTree = "<group>"; };
		8FF96C4F1BD15CC400F06712 /* CYXTopic.h */ = {isa = PBXFileReference; fileEncoding = 4; lastKnownFileType = sourcecode.c.h; path = CYXTopic.h; sourceTree = "<group>"; };
		8FF96C501BD15CC400F06712 /* CYXTopic.m */ = {isa = PBXFileReference; fileEncoding = 4; lastKnownFileType = sourcecode.c.objc; path = CYXTopic.m; sourceTree = "<group>"; };
		8FF96C521BD2328900F06712 /* CYXTopicCell.h */ = {isa = PBXFileReference; fileEncoding = 4; lastKnownFileType = sourcecode.c.h; path = CYXTopicCell.h; sourceTree = "<group>"; };
		8FF96C531BD2328900F06712 /* CYXTopicCell.m */ = {isa = PBXFileReference; fileEncoding = 4; lastKnownFileType = sourcecode.c.objc; path = CYXTopicCell.m; sourceTree = "<group>"; };
		8FF96C541BD2328900F06712 /* CYXTopicCell.xib */ = {isa = PBXFileReference; fileEncoding = 4; lastKnownFileType = file.xib; path = CYXTopicCell.xib; sourceTree = "<group>"; };
/* End PBXFileReference section */

/* Begin PBXFrameworksBuildPhase section */
		8F7FCDE51BB6E26600F27474 /* Frameworks */ = {
			isa = PBXFrameworksBuildPhase;
			buildActionMask = 2147483647;
			files = (
				B01AD61A2E99CA66BECFCDC6 /* libPods.a in Frameworks */,
			);
			runOnlyForDeploymentPostprocessing = 0;
		};
		8F7FCDFE1BB6E26600F27474 /* Frameworks */ = {
			isa = PBXFrameworksBuildPhase;
			buildActionMask = 2147483647;
			files = (
			);
			runOnlyForDeploymentPostprocessing = 0;
		};
		8F7FCE091BB6E26600F27474 /* Frameworks */ = {
			isa = PBXFrameworksBuildPhase;
			buildActionMask = 2147483647;
			files = (
			);
			runOnlyForDeploymentPostprocessing = 0;
		};
/* End PBXFrameworksBuildPhase section */

/* Begin PBXGroup section */
		6453D6EE7BFD36A703BDA0BC /* Pods */ = {
			isa = PBXGroup;
			children = (
				0C9EF6754048D4CE9CADA925 /* Pods.debug.xcconfig */,
				4177FB447A8CCD973CD2A128 /* Pods.release.xcconfig */,
			);
			name = Pods;
			sourceTree = "<group>";
		};
		8F502EDE1BD003C20045FF44 /* Topic */ = {
			isa = PBXGroup;
			children = (
				8F502EDF1BD003FE0045FF44 /* CYXAllViewController.h */,
				8F502EE01BD003FE0045FF44 /* CYXAllViewController.m */,
				8F502EE21BD004190045FF44 /* CYXVideoViewController.h */,
				8F502EE31BD004190045FF44 /* CYXVideoViewController.m */,
				8F502EE51BD0042B0045FF44 /* CYXVoiceViewController.h */,
				8F502EE61BD0042B0045FF44 /* CYXVoiceViewController.m */,
				8F502EE81BD004480045FF44 /* CYXPictureViewController.h */,
				8F502EE91BD004480045FF44 /* CYXPictureViewController.m */,
				8F502EEB1BD004600045FF44 /* CYXWordViewController.h */,
				8F502EEC1BD004600045FF44 /* CYXWordViewController.m */,
				8FD6F33B1BDB326F0073B0F4 /* CYXTopicViewController.h */,
				8FD6F33C1BDB32700073B0F4 /* CYXTopicViewController.m */,
			);
			name = Topic;
			sourceTree = "<group>";
		};
		8F7329551BBAAA840071930C /* classes */ = {
			isa = PBXGroup;
			children = (
				8F7329561BBAAA840071930C /* Essence-精华 */,
				8F7329681BBAAA840071930C /* New-新帖 */,
				8F73295C1BBAAA840071930C /* FriendTrends-关注 */,
				8F7329621BBAAA840071930C /* Me-我的 */,
				8F73296E1BBAAA840071930C /* other */,
			);
			path = classes;
			sourceTree = "<group>";
		};
		8F7329561BBAAA840071930C /* Essence-精华 */ = {
			isa = PBXGroup;
			children = (
				8F7329571BBAAA840071930C /* Controller */,
				8F73295A1BBAAA840071930C /* Model */,
				8F73295B1BBAAA840071930C /* View */,
			);
			path = "Essence-精华";
			sourceTree = "<group>";
		};
		8F7329571BBAAA840071930C /* Controller */ = {
			isa = PBXGroup;
			children = (
				8F502EDE1BD003C20045FF44 /* Topic */,
				8F7329581BBAAA840071930C /* CYXEssenceController.h */,
				8F7329591BBAAA840071930C /* CYXEssenceController.m */,
				8FBD8B531BC692C6007AE903 /* CYXRecommandTagViewController.h */,
				8FBD8B541BC692C6007AE903 /* CYXRecommandTagViewController.m */,
				8FB9F1A21BD90D140083DC16 /* CYXSeeBigViewController.h */,
				8FB9F1A31BD90D140083DC16 /* CYXSeeBigViewController.m */,
				8FB9F1A41BD90D140083DC16 /* CYXSeeBigViewController.xib */,
				8F756B0D1BDE43A400FFC26F /* CYXCommentViewController.h */,
				8F756B0E1BDE43A400FFC26F /* CYXCommentViewController.m */,
				8F756B0F1BDE43A400FFC26F /* CYXCommentViewController.xib */,
			);
			path = Controller;
			sourceTree = "<group>";
		};
		8F73295A1BBAAA840071930C /* Model */ = {
			isa = PBXGroup;
			children = (
				8FF432A91BC6E6390056F4FF /* CYXReaommandTag.h */,
				8FF432AA1BC6E6390056F4FF /* CYXReaommandTag.m */,
				8FF96C4F1BD15CC400F06712 /* CYXTopic.h */,
				8FF96C501BD15CC400F06712 /* CYXTopic.m */,
				8F8406261BD3FE5B001D6AA0 /* CYXUser.h */,
				8F8406271BD3FE5B001D6AA0 /* CYXUser.m */,
				8F8406291BD3FE6F001D6AA0 /* CYXComment.h */,
				8F84062A1BD3FE6F001D6AA0 /* CYXComment.m */,
			);
			path = Model;
			sourceTree = "<group>";
		};
		8F73295B1BBAAA840071930C /* View */ = {
			isa = PBXGroup;
			children = (
				8FA442FE1BD509B70069EA3D /* Topic */,
				8FBD8B561BC693AB007AE903 /* CYXRecommandTagCell.h */,
				8FBD8B571BC693AB007AE903 /* CYXRecommandTagCell.m */,
				8FBD8B581BC693AB007AE903 /* CYXRecommandTagCell.xib */,
				8F502EEE1BD0057D0045FF44 /* CYXTitleButton.h */,
				8F502EEF1BD0057D0045FF44 /* CYXTitleButton.m */,
				8F2971FB1BDF9EEF00A05832 /* CYXCommentCell.h */,
				8F2971FC1BDF9EEF00A05832 /* CYXCommentCell.m */,
				8F2971FD1BDF9EEF00A05832 /* CYXCommentCell.xib */,
			);
			path = View;
			sourceTree = "<group>";
		};
		8F73295C1BBAAA840071930C /* FriendTrends-关注 */ = {
			isa = PBXGroup;
			children = (
				8F73295D1BBAAA840071930C /* Controller */,
				8F7329601BBAAA840071930C /* Model */,
				8F7329611BBAAA840071930C /* View */,
			);
			path = "FriendTrends-关注";
			sourceTree = "<group>";
		};
		8F73295D1BBAAA840071930C /* Controller */ = {
			isa = PBXGroup;
			children = (
				8F445FE01BBDB06A0094765C /* CYXTestViewController.h */,
				8F445FE11BBDB06A0094765C /* CYXTestViewController.m */,
				8F445FE31BBDB1020094765C /* CYXTestViewController.storyboard */,
				8F191EBA1BBDB53F00C75CF6 /* CYXLoginViewController.h */,
				8F191EBB1BBDB53F00C75CF6 /* CYXLoginViewController.m */,
				8FD6F3411BDB6A8E0073B0F4 /* CYXRecommendFollowViewController.h */,
				8FD6F3421BDB6A8E0073B0F4 /* CYXRecommendFollowViewController.m */,
			);
			path = Controller;
			sourceTree = "<group>";
		};
		8F7329601BBAAA840071930C /* Model */ = {
			isa = PBXGroup;
			children = (
				8FD6F33E1BDB69D30073B0F4 /* CYXRecommendCategory.h */,
				8FD6F33F1BDB69D30073B0F4 /* CYXRecommendCategory.m */,
				8FB0E6001BDCEE9D00988644 /* CYXRecommendUser.h */,
				8FB0E6011BDCEE9D00988644 /* CYXRecommendUser.m */,
			);
			path = Model;
			sourceTree = "<group>";
		};
		8F7329611BBAAA840071930C /* View */ = {
			isa = PBXGroup;
			children = (
				8FEDB1E91BBEE36500E8D3BC /* CYXQuickLoginButton.h */,
				8FEDB1EA1BBEE36500E8D3BC /* CYXQuickLoginButton.m */,
				8F1BD1D81BBF9EEE00EFEF3E /* CYXLoginRegisterTextField.h */,
				8F1BD1D91BBF9EEE00EFEF3E /* CYXLoginRegisterTextField.m */,
				8FD6F3441BDB74AE0073B0F4 /* CYXRecommendCategoryCell.h */,
				8FD6F3451BDB74AE0073B0F4 /* CYXRecommendCategoryCell.m */,
				8FB0E5FD1BDCEB2100988644 /* CYXRecommendUserCell.h */,
				8FB0E5FE1BDCEB2100988644 /* CYXRecommendUserCell.m */,
			);
			path = View;
			sourceTree = "<group>";
		};
		8F7329621BBAAA840071930C /* Me-我的 */ = {
			isa = PBXGroup;
			children = (
				8F7329631BBAAA840071930C /* Controller */,
				8F7329661BBAAA840071930C /* Model */,
				8F7329671BBAAA840071930C /* View */,
			);
			path = "Me-我的";
			sourceTree = "<group>";
		};
		8F7329631BBAAA840071930C /* Controller */ = {
			isa = PBXGroup;
			children = (
				8F7329641BBAAA840071930C /* CYXMeController.h */,
				8F7329651BBAAA840071930C /* CYXMeController.m */,
				8FDF2A261BBC27FE0083DB4F /* CYXSettingViewController.h */,
				8FDF2A271BBC27FE0083DB4F /* CYXSettingViewController.m */,
				8FDF2A291BBC2B930083DB4F /* Test.storyboard */,
				8FC460541BCC02CF00886B09 /* CYXWebViewController.h */,
				8FC460551BCC02CF00886B09 /* CYXWebViewController.m */,
				8FC460561BCC02CF00886B09 /* CYXWebViewController.xib */,
			);
			path = Controller;
			sourceTree = "<group>";
		};
		8F7329661BBAAA840071930C /* Model */ = {
			isa = PBXGroup;
			children = (
				8F70979D1BCA7A4F003B112C /* CYXMeSquare.h */,
				8F70979E1BCA7A4F003B112C /* CYXMeSquare.m */,
			);
			path = Model;
			sourceTree = "<group>";
		};
		8F7329671BBAAA840071930C /* View */ = {
			isa = PBXGroup;
			children = (
				8F7097A01BCA7A71003B112C /* CYXMeCell.h */,
				8F7097A11BCA7A71003B112C /* CYXMeCell.m */,
				8F7097A31BCA84D5003B112C /* CYXMeFooter.h */,
				8F7097A41BCA84D5003B112C /* CYXMeFooter.m */,
				8F7097A61BCAA5DE003B112C /* CYXSquareButton.h */,
				8F7097A71BCAA5DE003B112C /* CYXSquareButton.m */,
				8FA91B4C1BCCA6180068D032 /* CYXClearCacheCell.h */,
				8FA91B4D1BCCA6180068D032 /* CYXClearCacheCell.m */,
			);
			path = View;
			sourceTree = "<group>";
		};
		8F7329681BBAAA840071930C /* New-新帖 */ = {
			isa = PBXGroup;
			children = (
				8F7329691BBAAA840071930C /* Controller */,
				8F73296C1BBAAA840071930C /* Model */,
				8F73296D1BBAAA840071930C /* View */,
			);
			path = "New-新帖";
			sourceTree = "<group>";
		};
		8F7329691BBAAA840071930C /* Controller */ = {
			isa = PBXGroup;
			children = (
				8F73296A1BBAAA840071930C /* CYXNewController.h */,
				8F73296B1BBAAA840071930C /* CYXNewController.m */,
			);
			path = Controller;
			sourceTree = "<group>";
		};
		8F73296C1BBAAA840071930C /* Model */ = {
			isa = PBXGroup;
			children = (
			);
			path = Model;
			sourceTree = "<group>";
		};
		8F73296D1BBAAA840071930C /* View */ = {
			isa = PBXGroup;
			children = (
			);
			path = View;
			sourceTree = "<group>";
		};
		8F73296E1BBAAA840071930C /* other */ = {
			isa = PBXGroup;
			children = (
				8F7329711BBAAA840071930C /* Category */,
				8F7329721BBAAA840071930C /* Controller */,
				8F7329761BBAAA840071930C /* Model */,
				8F7329781BBAAA840071930C /* View */,
				8F73296F1BBAAA840071930C /* AppDelegate.h */,
				8F7329701BBAAA840071930C /* AppDelegate.m */,
				8F7329751BBAAA840071930C /* main.m */,
				8F7329771BBAAA840071930C /* PrefixHeader.pch */,
				8F8D0F7F1BC8BA51004300C5 /* CYXConst.h */,
				8F8D0F801BC8BA51004300C5 /* CYXConst.m */,
				8F7097A91BCAB502003B112C /* CYXHTTPSessionManager.h */,
				8F7097AA1BCAB502003B112C /* CYXHTTPSessionManager.m */,
				8FA443041BD516090069EA3D /* CYXExtensionConfig.h */,
				8FA443051BD516090069EA3D /* CYXExtensionConfig.m */,
			);
			path = other;
			sourceTree = "<group>";
		};
		8F7329711BBAAA840071930C /* Category */ = {
			isa = PBXGroup;
			children = (
				8F7329831BBAB40D0071930C /* UIBarButtonItem+CYXExtension.h */,
				8F7329841BBAB40D0071930C /* UIBarButtonItem+CYXExtension.m */,
				8FEDB1E61BBEE30C00E8D3BC /* UIView+CYXFrame.h */,
				8FEDB1E71BBEE30C00E8D3BC /* UIView+CYXFrame.m */,
				8F8D0F791BC8A83B004300C5 /* UITextField+CYXExtension.h */,
				8F8D0F7A1BC8A83B004300C5 /* UITextField+CYXExtension.m */,
				8F8D0F761BC8A3B0004300C5 /* NSObject+CYXExtension.h */,
				8F8D0F771BC8A3B0004300C5 /* NSObject+CYXExtension.m */,
				8F8D0F821BC8EEE5004300C5 /* UIImage+CYXExtension.h */,
				8F8D0F831BC8EEE5004300C5 /* UIImage+CYXExtension.m */,
				8F8D0F851BC8EF07004300C5 /* UIImageView+CYXExtension.h */,
				8F8D0F861BC8EF07004300C5 /* UIImageView+CYXExtension.m */,
				8FA91B491BCC98190068D032 /* NSString+CYXExtension.h */,
				8FA91B4A1BCC98190068D032 /* NSString+CYXExtension.m */,
				8F03263D1BD273B5008DF0D7 /* NSDate+CYXExtension.h */,
				8F03263E1BD273B5008DF0D7 /* NSDate+CYXExtension.m */,
			);
			path = Category;
			sourceTree = "<group>";
		};
		8F7329721BBAAA840071930C /* Controller */ = {
			isa = PBXGroup;
			children = (
				8F7329731BBAAA840071930C /* CYXTabBarController.h */,
				8F7329741BBAAA840071930C /* CYXTabBarController.m */,
				8FDF2A2B1BBC31140083DB4F /* CYXNavigationController.h */,
				8FDF2A2C1BBC31140083DB4F /* CYXNavigationController.m */,
			);
			path = Controller;
			sourceTree = "<group>";
		};
		8F7329761BBAAA840071930C /* Model */ = {
			isa = PBXGroup;
			children = (
			);
			path = Model;
			sourceTree = "<group>";
		};
		8F7329781BBAAA840071930C /* View */ = {
			isa = PBXGroup;
			children = (
				8F7329791BBAAA840071930C /* CYXTabBar.h */,
				8F73297A1BBAAA840071930C /* CYXTabBar.m */,
			);
			path = View;
			sourceTree = "<group>";
		};
		8F7FCDDF1BB6E26600F27474 = {
			isa = PBXGroup;
			children = (
				8F7FCDEA1BB6E26600F27474 /* CYXBuDeJie */,
				8F7FCE041BB6E26600F27474 /* CYXBuDeJieTests */,
				8F7FCE0F1BB6E26600F27474 /* CYXBuDeJieUITests */,
				8F7FCDE91BB6E26600F27474 /* Products */,
				6453D6EE7BFD36A703BDA0BC /* Pods */,
				C42379C1B39C612847DEEFED /* Frameworks */,
			);
			sourceTree = "<group>";
		};
		8F7FCDE91BB6E26600F27474 /* Products */ = {
			isa = PBXGroup;
			children = (
				8F7FCDE81BB6E26600F27474 /* CYXBuDeJie.app */,
				8F7FCE011BB6E26600F27474 /* CYXBuDeJieTests.xctest */,
				8F7FCE0C1BB6E26600F27474 /* CYXBuDeJieUITests.xctest */,
			);
			name = Products;
			sourceTree = "<group>";
		};
		8F7FCDEA1BB6E26600F27474 /* CYXBuDeJie */ = {
			isa = PBXGroup;
			children = (
				8F7329551BBAAA840071930C /* classes */,
				8F7FCDEB1BB6E26600F27474 /* Supporting Files */,
			);
			path = CYXBuDeJie;
			sourceTree = "<group>";
		};
		8F7FCDEB1BB6E26600F27474 /* Supporting Files */ = {
			isa = PBXGroup;
			children = (
				8F7FCDFC1BB6E26600F27474 /* Info.plist */,
				8F7FCDF71BB6E26600F27474 /* Assets.xcassets */,
			);
			name = "Supporting Files";
			sourceTree = "<group>";
		};
		8F7FCE041BB6E26600F27474 /* CYXBuDeJieTests */ = {
			isa = PBXGroup;
			children = (
				8F7FCE051BB6E26600F27474 /* CYXBuDeJieTests.m */,
				8F7FCE071BB6E26600F27474 /* Info.plist */,
			);
			path = CYXBuDeJieTests;
			sourceTree = "<group>";
		};
		8F7FCE0F1BB6E26600F27474 /* CYXBuDeJieUITests */ = {
			isa = PBXGroup;
			children = (
				8F7FCE101BB6E26600F27474 /* CYXBuDeJieUITests.m */,
				8F7FCE121BB6E26600F27474 /* Info.plist */,
			);
			path = CYXBuDeJieUITests;
			sourceTree = "<group>";
		};
		8FA442FE1BD509B70069EA3D /* Topic */ = {
			isa = PBXGroup;
			children = (
				8FF96C521BD2328900F06712 /* CYXTopicCell.h */,
				8FF96C531BD2328900F06712 /* CYXTopicCell.m */,
				8FF96C541BD2328900F06712 /* CYXTopicCell.xib */,
				8FA442FF1BD509FC0069EA3D /* CYXTopicPictureView.h */,
				8FA443001BD509FC0069EA3D /* CYXTopicPictureView.m */,
				8FA443021BD50A270069EA3D /* CYXTopicPictureView.xib */,
				8FD6F3311BDB15750073B0F4 /* CYXTopicVoiceView.h */,
				8FD6F3321BDB15750073B0F4 /* CYXTopicVoiceView.m */,
				8FD6F3341BDB158E0073B0F4 /* CYXTopicVoiceView.xib */,
				8FD6F3361BDB15B90073B0F4 /* CYXTopicVideoView.h */,
				8FD6F3371BDB15B90073B0F4 /* CYXTopicVideoView.m */,
				8FD6F3391BDB15D00073B0F4 /* CYXTopicVideoView.xib */,
			);
			name = Topic;
			sourceTree = "<group>";
		};
		C42379C1B39C612847DEEFED /* Frameworks */ = {
			isa = PBXGroup;
			children = (
				67B3D50366C1542ED7E28CB4 /* libPods.a */,
			);
			name = Frameworks;
			sourceTree = "<group>";
		};
/* End PBXGroup section */

/* Begin PBXNativeTarget section */
		8F7FCDE71BB6E26600F27474 /* CYXBuDeJie */ = {
			isa = PBXNativeTarget;
			buildConfigurationList = 8F7FCE151BB6E26600F27474 /* Build configuration list for PBXNativeTarget "CYXBuDeJie" */;
			buildPhases = (
				A57434FEDFAD318EEDD559B5 /* Check Pods Manifest.lock */,
				8F7FCDE41BB6E26600F27474 /* Sources */,
				8F7FCDE51BB6E26600F27474 /* Frameworks */,
				8F7FCDE61BB6E26600F27474 /* Resources */,
				F7E6FC8D5585154AE77AF19F /* Copy Pods Resources */,
			);
			buildRules = (
			);
			dependencies = (
			);
			name = CYXBuDeJie;
			productName = CYXBuDeJie;
			productReference = 8F7FCDE81BB6E26600F27474 /* CYXBuDeJie.app */;
			productType = "com.apple.product-type.application";
		};
		8F7FCE001BB6E26600F27474 /* CYXBuDeJieTests */ = {
			isa = PBXNativeTarget;
			buildConfigurationList = 8F7FCE181BB6E26600F27474 /* Build configuration list for PBXNativeTarget "CYXBuDeJieTests" */;
			buildPhases = (
				8F7FCDFD1BB6E26600F27474 /* Sources */,
				8F7FCDFE1BB6E26600F27474 /* Frameworks */,
				8F7FCDFF1BB6E26600F27474 /* Resources */,
			);
			buildRules = (
			);
			dependencies = (
				8F7FCE031BB6E26600F27474 /* PBXTargetDependency */,
			);
			name = CYXBuDeJieTests;
			productName = CYXBuDeJieTests;
			productReference = 8F7FCE011BB6E26600F27474 /* CYXBuDeJieTests.xctest */;
			productType = "com.apple.product-type.bundle.unit-test";
		};
		8F7FCE0B1BB6E26600F27474 /* CYXBuDeJieUITests */ = {
			isa = PBXNativeTarget;
			buildConfigurationList = 8F7FCE1B1BB6E26600F27474 /* Build configuration list for PBXNativeTarget "CYXBuDeJieUITests" */;
			buildPhases = (
				8F7FCE081BB6E26600F27474 /* Sources */,
				8F7FCE091BB6E26600F27474 /* Frameworks */,
				8F7FCE0A1BB6E26600F27474 /* Resources */,
			);
			buildRules = (
			);
			dependencies = (
				8F7FCE0E1BB6E26600F27474 /* PBXTargetDependency */,
			);
			name = CYXBuDeJieUITests;
			productName = CYXBuDeJieUITests;
			productReference = 8F7FCE0C1BB6E26600F27474 /* CYXBuDeJieUITests.xctest */;
			productType = "com.apple.product-type.bundle.ui-testing";
		};
/* End PBXNativeTarget section */

/* Begin PBXProject section */
		8F7FCDE01BB6E26600F27474 /* Project object */ = {
			isa = PBXProject;
			attributes = {
				CLASSPREFIX = CYX;
				LastUpgradeCheck = 0700;
				ORGANIZATIONNAME = CYX;
				TargetAttributes = {
					8F7FCDE71BB6E26600F27474 = {
						CreatedOnToolsVersion = 7.0;
						DevelopmentTeam = 3T72HFU8Y8;
					};
					8F7FCE001BB6E26600F27474 = {
						CreatedOnToolsVersion = 7.0;
						TestTargetID = 8F7FCDE71BB6E26600F27474;
					};
					8F7FCE0B1BB6E26600F27474 = {
						CreatedOnToolsVersion = 7.0;
						TestTargetID = 8F7FCDE71BB6E26600F27474;
					};
				};
			};
			buildConfigurationList = 8F7FCDE31BB6E26600F27474 /* Build configuration list for PBXProject "CYXBuDeJie" */;
			compatibilityVersion = "Xcode 3.2";
			developmentRegion = English;
			hasScannedForEncodings = 0;
			knownRegions = (
				en,
				Base,
			);
			mainGroup = 8F7FCDDF1BB6E26600F27474;
			productRefGroup = 8F7FCDE91BB6E26600F27474 /* Products */;
			projectDirPath = "";
			projectRoot = "";
			targets = (
				8F7FCDE71BB6E26600F27474 /* CYXBuDeJie */,
				8F7FCE001BB6E26600F27474 /* CYXBuDeJieTests */,
				8F7FCE0B1BB6E26600F27474 /* CYXBuDeJieUITests */,
			);
		};
/* End PBXProject section */

/* Begin PBXResourcesBuildPhase section */
		8F7FCDE61BB6E26600F27474 /* Resources */ = {
			isa = PBXResourcesBuildPhase;
			buildActionMask = 2147483647;
			files = (
				8FF96C561BD2328900F06712 /* CYXTopicCell.xib in Resources */,
				8F445FE41BBDB1020094765C /* CYXTestViewController.storyboard in Resources */,
				8F7FCDF81BB6E26600F27474 /* Assets.xcassets in Resources */,
				8FA443031BD50A270069EA3D /* CYXTopicPictureView.xib in Resources */,
				8FC460581BCC02CF00886B09 /* CYXWebViewController.xib in Resources */,
				8FD6F33A1BDB15D00073B0F4 /* CYXTopicVideoView.xib in Resources */,
				8FBD8B5A1BC693AB007AE903 /* CYXRecommandTagCell.xib in Resources */,
				8F756B111BDE43A500FFC26F /* CYXCommentViewController.xib in Resources */,
				8FD6F3351BDB158E0073B0F4 /* CYXTopicVoiceView.xib in Resources */,
				8FB9F1A61BD90D140083DC16 /* CYXSeeBigViewController.xib in Resources */,
				8F2971FF1BDF9EEF00A05832 /* CYXCommentCell.xib in Resources */,
				8FDF2A2A1BBC2B930083DB4F /* Test.storyboard in Resources */,
			);
			runOnlyForDeploymentPostprocessing = 0;
		};
		8F7FCDFF1BB6E26600F27474 /* Resources */ = {
			isa = PBXResourcesBuildPhase;
			buildActionMask = 2147483647;
			files = (
			);
			runOnlyForDeploymentPostprocessing = 0;
		};
		8F7FCE0A1BB6E26600F27474 /* Resources */ = {
			isa = PBXResourcesBuildPhase;
			buildActionMask = 2147483647;
			files = (
			);
			runOnlyForDeploymentPostprocessing = 0;
		};
/* End PBXResourcesBuildPhase section */

/* Begin PBXShellScriptBuildPhase section */
		A57434FEDFAD318EEDD559B5 /* Check Pods Manifest.lock */ = {
			isa = PBXShellScriptBuildPhase;
			buildActionMask = 2147483647;
			files = (
			);
			inputPaths = (
			);
			name = "Check Pods Manifest.lock";
			outputPaths = (
			);
			runOnlyForDeploymentPostprocessing = 0;
			shellPath = /bin/sh;
			shellScript = "diff \"${PODS_ROOT}/../Podfile.lock\" \"${PODS_ROOT}/Manifest.lock\" > /dev/null\nif [[ $? != 0 ]] ; then\n    cat << EOM\nerror: The sandbox is not in sync with the Podfile.lock. Run 'pod install' or update your CocoaPods installation.\nEOM\n    exit 1\nfi\n";
			showEnvVarsInLog = 0;
		};
		F7E6FC8D5585154AE77AF19F /* Copy Pods Resources */ = {
			isa = PBXShellScriptBuildPhase;
			buildActionMask = 2147483647;
			files = (
			);
			inputPaths = (
			);
			name = "Copy Pods Resources";
			outputPaths = (
			);
			runOnlyForDeploymentPostprocessing = 0;
			shellPath = /bin/sh;
			shellScript = "\"${SRCROOT}/Pods/Target Support Files/Pods/Pods-resources.sh\"\n";
			showEnvVarsInLog = 0;
		};
/* End PBXShellScriptBuildPhase section */

/* Begin PBXSourcesBuildPhase section */
		8F7FCDE41BB6E26600F27474 /* Sources */ = {
			isa = PBXSourcesBuildPhase;
			buildActionMask = 2147483647;
			files = (
				8FD6F3381BDB15B90073B0F4 /* CYXTopicVideoView.m in Sources */,
				8F756B101BDE43A500FFC26F /* CYXCommentViewController.m in Sources */,
				8FDF2A2D1BBC31140083DB4F /* CYXNavigationController.m in Sources */,
				8F7097A51BCA84D5003B112C /* CYXMeFooter.m in Sources */,
				8F84062B1BD3FE6F001D6AA0 /* CYXComment.m in Sources */,
				8F445FE21BBDB06A0094765C /* CYXTestViewController.m in Sources */,
				8FD6F33D1BDB32700073B0F4 /* CYXTopicViewController.m in Sources */,
				8FB0E5FF1BDCEB2100988644 /* CYXRecommendUserCell.m in Sources */,
				8F1BD1DA1BBF9EEE00EFEF3E /* CYXLoginRegisterTextField.m in Sources */,
				8FA91B4B1BCC98190068D032 /* NSString+CYXExtension.m in Sources */,
				8FA443061BD516090069EA3D /* CYXExtensionConfig.m in Sources */,
				8FD6F3431BDB6A8E0073B0F4 /* CYXRecommendFollowViewController.m in Sources */,
				8F73297D1BBAAA840071930C /* CYXMeController.m in Sources */,
				8F2971FE1BDF9EEF00A05832 /* CYXCommentCell.m in Sources */,
				8FBD8B591BC693AB007AE903 /* CYXRecommandTagCell.m in Sources */,
				8F7329851BBAB40D0071930C /* UIBarButtonItem+CYXExtension.m in Sources */,
				8F502EF01BD0057D0045FF44 /* CYXTitleButton.m in Sources */,
				8FF432AB1BC6E6390056F4FF /* CYXReaommandTag.m in Sources */,
				8F191EBC1BBDB53F00C75CF6 /* CYXLoginViewController.m in Sources */,
				8F7097AB1BCAB502003B112C /* CYXHTTPSessionManager.m in Sources */,
				8FF96C551BD2328900F06712 /* CYXTopicCell.m in Sources */,
				8F8D0F841BC8EEE5004300C5 /* UIImage+CYXExtension.m in Sources */,
				8FD6F3331BDB15750073B0F4 /* CYXTopicVoiceView.m in Sources */,
				8FA443011BD509FC0069EA3D /* CYXTopicPictureView.m in Sources */,
				8F73297B1BBAAA840071930C /* CYXEssenceController.m in Sources */,
				8FD6F3401BDB69D30073B0F4 /* CYXRecommendCategory.m in Sources */,
				8F73297E1BBAAA840071930C /* CYXNewController.m in Sources */,
				8F502EEA1BD004480045FF44 /* CYXPictureViewController.m in Sources */,
				8F8D0F811BC8BA51004300C5 /* CYXConst.m in Sources */,
				8F8D0F781BC8A3B0004300C5 /* NSObject+CYXExtension.m in Sources */,
				8FC460571BCC02CF00886B09 /* CYXWebViewController.m in Sources */,
				8F7329801BBAAA840071930C /* CYXTabBarController.m in Sources */,
				8F502EE41BD004190045FF44 /* CYXVideoViewController.m in Sources */,
				8F8D0F7B1BC8A83B004300C5 /* UITextField+CYXExtension.m in Sources */,
				8FF96C511BD15CC400F06712 /* CYXTopic.m in Sources */,
				8FB0E6021BDCEE9D00988644 /* CYXRecommendUser.m in Sources */,
				8FEDB1E81BBEE30C00E8D3BC /* UIView+CYXFrame.m in Sources */,
				8FDF2A281BBC27FE0083DB4F /* CYXSettingViewController.m in Sources */,
				8FA91B4E1BCCA6180068D032 /* CYXClearCacheCell.m in Sources */,
				8F03263F1BD273B5008DF0D7 /* NSDate+CYXExtension.m in Sources */,
				8F7329811BBAAA840071930C /* main.m in Sources */,
				8FD6F3461BDB74AE0073B0F4 /* CYXRecommendCategoryCell.m in Sources */,
				8F7097A21BCA7A71003B112C /* CYXMeCell.m in Sources */,
				8F7329821BBAAA840071930C /* CYXTabBar.m in Sources */,
				8F502EE71BD0042B0045FF44 /* CYXVoiceViewController.m in Sources */,
				8FB9F1A51BD90D140083DC16 /* CYXSeeBigViewController.m in Sources */,
				8FEDB1EB1BBEE36500E8D3BC /* CYXQuickLoginButton.m in Sources */,
				8F8406281BD3FE5B001D6AA0 /* CYXUser.m in Sources */,
				8F502EED1BD004600045FF44 /* CYXWordViewController.m in Sources */,
				8F73297F1BBAAA840071930C /* AppDelegate.m in Sources */,
				8F8D0F871BC8EF07004300C5 /* UIImageView+CYXExtension.m in Sources */,
				8FBD8B551BC692C6007AE903 /* CYXRecommandTagViewController.m in Sources */,
				8F502EE11BD003FE0045FF44 /* CYXAllViewController.m in Sources */,
				8F7097A81BCAA5DE003B112C /* CYXSquareButton.m in Sources */,
				8F70979F1BCA7A4F003B112C /* CYXMeSquare.m in Sources */,
			);
			runOnlyForDeploymentPostprocessing = 0;
		};
		8F7FCDFD1BB6E26600F27474 /* Sources */ = {
			isa = PBXSourcesBuildPhase;
			buildActionMask = 2147483647;
			files = (
				8F7FCE061BB6E26600F27474 /* CYXBuDeJieTests.m in Sources */,
			);
			runOnlyForDeploymentPostprocessing = 0;
		};
		8F7FCE081BB6E26600F27474 /* Sources */ = {
			isa = PBXSourcesBuildPhase;
			buildActionMask = 2147483647;
			files = (
				8F7FCE111BB6E26600F27474 /* CYXBuDeJieUITests.m in Sources */,
			);
			runOnlyForDeploymentPostprocessing = 0;
		};
/* End PBXSourcesBuildPhase section */

/* Begin PBXTargetDependency section */
		8F7FCE031BB6E26600F27474 /* PBXTargetDependency */ = {
			isa = PBXTargetDependency;
			target = 8F7FCDE71BB6E26600F27474 /* CYXBuDeJie */;
			targetProxy = 8F7FCE021BB6E26600F27474 /* PBXContainerItemProxy */;
		};
		8F7FCE0E1BB6E26600F27474 /* PBXTargetDependency */ = {
			isa = PBXTargetDependency;
			target = 8F7FCDE71BB6E26600F27474 /* CYXBuDeJie */;
			targetProxy = 8F7FCE0D1BB6E26600F27474 /* PBXContainerItemProxy */;
		};
/* End PBXTargetDependency section */

/* Begin XCBuildConfiguration section */
		8F7FCE131BB6E26600F27474 /* Debug */ = {
			isa = XCBuildConfiguration;
			buildSettings = {
				ALWAYS_SEARCH_USER_PATHS = NO;
				CLANG_CXX_LANGUAGE_STANDARD = "gnu++0x";
				CLANG_CXX_LIBRARY = "libc++";
				CLANG_ENABLE_MODULES = YES;
				CLANG_ENABLE_OBJC_ARC = YES;
				CLANG_WARN_BOOL_CONVERSION = YES;
				CLANG_WARN_CONSTANT_CONVERSION = YES;
				CLANG_WARN_DIRECT_OBJC_ISA_USAGE = YES_ERROR;
				CLANG_WARN_EMPTY_BODY = YES;
				CLANG_WARN_ENUM_CONVERSION = YES;
				CLANG_WARN_INT_CONVERSION = YES;
				CLANG_WARN_OBJC_ROOT_CLASS = YES_ERROR;
				CLANG_WARN_UNREACHABLE_CODE = YES;
				CLANG_WARN__DUPLICATE_METHOD_MATCH = YES;
				"CODE_SIGN_IDENTITY[sdk=iphoneos*]" = "iPhone Developer";
				COPY_PHASE_STRIP = NO;
				DEBUG_INFORMATION_FORMAT = dwarf;
				ENABLE_STRICT_OBJC_MSGSEND = YES;
				ENABLE_TESTABILITY = YES;
				GCC_C_LANGUAGE_STANDARD = gnu99;
				GCC_DYNAMIC_NO_PIC = NO;
				GCC_NO_COMMON_BLOCKS = YES;
				GCC_OPTIMIZATION_LEVEL = 0;
				GCC_PREPROCESSOR_DEFINITIONS = (
					"DEBUG=1",
					"$(inherited)",
				);
				GCC_WARN_64_TO_32_BIT_CONVERSION = YES;
				GCC_WARN_ABOUT_RETURN_TYPE = YES_ERROR;
				GCC_WARN_UNDECLARED_SELECTOR = YES;
				GCC_WARN_UNINITIALIZED_AUTOS = YES_AGGRESSIVE;
				GCC_WARN_UNUSED_FUNCTION = YES;
				GCC_WARN_UNUSED_VARIABLE = YES;
				IPHONEOS_DEPLOYMENT_TARGET = 9.0;
				MTL_ENABLE_DEBUG_INFO = YES;
				ONLY_ACTIVE_ARCH = YES;
				SDKROOT = iphoneos;
			};
			name = Debug;
		};
		8F7FCE141BB6E26600F27474 /* Release */ = {
			isa = XCBuildConfiguration;
			buildSettings = {
				ALWAYS_SEARCH_USER_PATHS = NO;
				CLANG_CXX_LANGUAGE_STANDARD = "gnu++0x";
				CLANG_CXX_LIBRARY = "libc++";
				CLANG_ENABLE_MODULES = YES;
				CLANG_ENABLE_OBJC_ARC = YES;
				CLANG_WARN_BOOL_CONVERSION = YES;
				CLANG_WARN_CONSTANT_CONVERSION = YES;
				CLANG_WARN_DIRECT_OBJC_ISA_USAGE = YES_ERROR;
				CLANG_WARN_EMPTY_BODY = YES;
				CLANG_WARN_ENUM_CONVERSION = YES;
				CLANG_WARN_INT_CONVERSION = YES;
				CLANG_WARN_OBJC_ROOT_CLASS = YES_ERROR;
				CLANG_WARN_UNREACHABLE_CODE = YES;
				CLANG_WARN__DUPLICATE_METHOD_MATCH = YES;
				"CODE_SIGN_IDENTITY[sdk=iphoneos*]" = "iPhone Developer";
				COPY_PHASE_STRIP = NO;
				DEBUG_INFORMATION_FORMAT = "dwarf-with-dsym";
				ENABLE_NS_ASSERTIONS = NO;
				ENABLE_STRICT_OBJC_MSGSEND = YES;
				GCC_C_LANGUAGE_STANDARD = gnu99;
				GCC_NO_COMMON_BLOCKS = YES;
				GCC_WARN_64_TO_32_BIT_CONVERSION = YES;
				GCC_WARN_ABOUT_RETURN_TYPE = YES_ERROR;
				GCC_WARN_UNDECLARED_SELECTOR = YES;
				GCC_WARN_UNINITIALIZED_AUTOS = YES_AGGRESSIVE;
				GCC_WARN_UNUSED_FUNCTION = YES;
				GCC_WARN_UNUSED_VARIABLE = YES;
				IPHONEOS_DEPLOYMENT_TARGET = 9.0;
				MTL_ENABLE_DEBUG_INFO = NO;
				SDKROOT = iphoneos;
				VALIDATE_PRODUCT = YES;
			};
			name = Release;
		};
		8F7FCE161BB6E26600F27474 /* Debug */ = {
			isa = XCBuildConfiguration;
			baseConfigurationReference = 0C9EF6754048D4CE9CADA925 /* Pods.debug.xcconfig */;
			buildSettings = {
				ASSETCATALOG_COMPILER_APPICON_NAME = AppIcon;
				ASSETCATALOG_COMPILER_LAUNCHIMAGE_NAME = BrandAsset;
				CODE_SIGN_IDENTITY = "iPhone Developer";
				"CODE_SIGN_IDENTITY[sdk=iphoneos*]" = "iPhone Developer";
				GCC_PRECOMPILE_PREFIX_HEADER = NO;
				GCC_PREFIX_HEADER = CYXBuDeJie/classes/other/PrefixHeader.pch;
				INFOPLIST_FILE = CYXBuDeJie/Info.plist;
				IPHONEOS_DEPLOYMENT_TARGET = 9.0;
				LD_RUNPATH_SEARCH_PATHS = "$(inherited) @executable_path/Frameworks";
				PRODUCT_BUNDLE_IDENTIFIER = com.ioscyx.CYXBuDeJie;
				PRODUCT_NAME = "$(TARGET_NAME)";
				PROVISIONING_PROFILE = "";
			};
			name = Debug;
		};
		8F7FCE171BB6E26600F27474 /* Release */ = {
			isa = XCBuildConfiguration;
			baseConfigurationReference = 4177FB447A8CCD973CD2A128 /* Pods.release.xcconfig */;
			buildSettings = {
				ASSETCATALOG_COMPILER_APPICON_NAME = AppIcon;
				ASSETCATALOG_COMPILER_LAUNCHIMAGE_NAME = BrandAsset;
				CODE_SIGN_IDENTITY = "iPhone Developer";
				"CODE_SIGN_IDENTITY[sdk=iphoneos*]" = "iPhone Developer";
				GCC_PRECOMPILE_PREFIX_HEADER = NO;
				GCC_PREFIX_HEADER = CYXBuDeJie/classes/other/PrefixHeader.pch;
				INFOPLIST_FILE = CYXBuDeJie/Info.plist;
				IPHONEOS_DEPLOYMENT_TARGET = 9.0;
				LD_RUNPATH_SEARCH_PATHS = "$(inherited) @executable_path/Frameworks";
				PRODUCT_BUNDLE_IDENTIFIER = com.ioscyx.CYXBuDeJie;
				PRODUCT_NAME = "$(TARGET_NAME)";
				PROVISIONING_PROFILE = "";
			};
			name = Release;
		};
		8F7FCE191BB6E26600F27474 /* Debug */ = {
			isa = XCBuildConfiguration;
			buildSettings = {
				BUNDLE_LOADER = "$(TEST_HOST)";
				INFOPLIST_FILE = CYXBuDeJieTests/Info.plist;
				LD_RUNPATH_SEARCH_PATHS = "$(inherited) @executable_path/Frameworks @loader_path/Frameworks";
				PRODUCT_BUNDLE_IDENTIFIER = com.ioscyx.CYXBuDeJieTests;
				PRODUCT_NAME = "$(TARGET_NAME)";
				TEST_HOST = "$(BUILT_PRODUCTS_DIR)/CYXBuDeJie.app/CYXBuDeJie";
			};
			name = Debug;
		};
		8F7FCE1A1BB6E26600F27474 /* Release */ = {
			isa = XCBuildConfiguration;
			buildSettings = {
				BUNDLE_LOADER = "$(TEST_HOST)";
				INFOPLIST_FILE = CYXBuDeJieTests/Info.plist;
				LD_RUNPATH_SEARCH_PATHS = "$(inherited) @executable_path/Frameworks @loader_path/Frameworks";
				PRODUCT_BUNDLE_IDENTIFIER = com.ioscyx.CYXBuDeJieTests;
				PRODUCT_NAME = "$(TARGET_NAME)";
				TEST_HOST = "$(BUILT_PRODUCTS_DIR)/CYXBuDeJie.app/CYXBuDeJie";
			};
			name = Release;
		};
		8F7FCE1C1BB6E26600F27474 /* Debug */ = {
			isa = XCBuildConfiguration;
			buildSettings = {
				INFOPLIST_FILE = CYXBuDeJieUITests/Info.plist;
				LD_RUNPATH_SEARCH_PATHS = "$(inherited) @executable_path/Frameworks @loader_path/Frameworks";
				PRODUCT_BUNDLE_IDENTIFIER = com.ioscyx.CYXBuDeJieUITests;
				PRODUCT_NAME = "$(TARGET_NAME)";
				TEST_TARGET_NAME = CYXBuDeJie;
				USES_XCTRUNNER = YES;
			};
			name = Debug;
		};
		8F7FCE1D1BB6E26600F27474 /* Release */ = {
			isa = XCBuildConfiguration;
			buildSettings = {
				INFOPLIST_FILE = CYXBuDeJieUITests/Info.plist;
				LD_RUNPATH_SEARCH_PATHS = "$(inherited) @executable_path/Frameworks @loader_path/Frameworks";
				PRODUCT_BUNDLE_IDENTIFIER = com.ioscyx.CYXBuDeJieUITests;
				PRODUCT_NAME = "$(TARGET_NAME)";
				TEST_TARGET_NAME = CYXBuDeJie;
				USES_XCTRUNNER = YES;
			};
			name = Release;
		};
/* End XCBuildConfiguration section */

/* Begin XCConfigurationList section */
		8F7FCDE31BB6E26600F27474 /* Build configuration list for PBXProject "CYXBuDeJie" */ = {
			isa = XCConfigurationList;
			buildConfigurations = (
				8F7FCE131BB6E26600F27474 /* Debug */,
				8F7FCE141BB6E26600F27474 /* Release */,
			);
			defaultConfigurationIsVisible = 0;
			defaultConfigurationName = Release;
		};
		8F7FCE151BB6E26600F27474 /* Build configuration list for PBXNativeTarget "CYXBuDeJie" */ = {
			isa = XCConfigurationList;
			buildConfigurations = (
				8F7FCE161BB6E26600F27474 /* Debug */,
				8F7FCE171BB6E26600F27474 /* Release */,
			);
			defaultConfigurationIsVisible = 0;
			defaultConfigurationName = Release;
		};
		8F7FCE181BB6E26600F27474 /* Build configuration list for PBXNativeTarget "CYXBuDeJieTests" */ = {
			isa = XCConfigurationList;
			buildConfigurations = (
				8F7FCE191BB6E26600F27474 /* Debug */,
				8F7FCE1A1BB6E26600F27474 /* Release */,
			);
			defaultConfigurationIsVisible = 0;
			defaultConfigurationName = Release;
		};
		8F7FCE1B1BB6E26600F27474 /* Build configuration list for PBXNativeTarget "CYXBuDeJieUITests" */ = {
			isa = XCConfigurationList;
			buildConfigurations = (
				8F7FCE1C1BB6E26600F27474 /* Debug */,
				8F7FCE1D1BB6E26600F27474 /* Release */,
			);
			defaultConfigurationIsVisible = 0;
			defaultConfigurationName = Release;
		};
/* End XCConfigurationList section */
	};
	rootObject = 8F7FCDE01BB6E26600F27474 /* Project object */;
}
